// !$*UTF8*$!
{
	archiveVersion = 1;
	classes = {
	};
	objectVersion = 56;
	objects = {

/* Begin PBXBuildFile section */
		FA2A7AE22C1C06EC008870EC /* MeleeCharacterGridView.swift in Sources */ = {isa = PBXBuildFile; fileRef = FA2A7AE12C1C06EC008870EC /* MeleeCharacterGridView.swift */; };
		FA2A7AE72C1C09C9008870EC /* MeleeImageView.swift in Sources */ = {isa = PBXBuildFile; fileRef = FA2A7AE62C1C09C9008870EC /* MeleeImageView.swift */; };
		FA2A7AE92C1C1505008870EC /* CameraView.swift in Sources */ = {isa = PBXBuildFile; fileRef = FA2A7AE82C1C1505008870EC /* CameraView.swift */; };
		FA2A7AEB2C1C154F008870EC /* CameraViewController.swift in Sources */ = {isa = PBXBuildFile; fileRef = FA2A7AEA2C1C154F008870EC /* CameraViewController.swift */; };
		FA2A7AF02C1D5BE6008870EC /* MeleeHelpView.swift in Sources */ = {isa = PBXBuildFile; fileRef = FA2A7AEF2C1D5BE6008870EC /* MeleeHelpView.swift */; };
		FA2A7B332C20D815008870EC /* CharacterPickerItemView.swift in Sources */ = {isa = PBXBuildFile; fileRef = FA2A7B322C20D815008870EC /* CharacterPickerItemView.swift */; };
		FA2A7B352C20DFE7008870EC /* CharacterPickerView.swift in Sources */ = {isa = PBXBuildFile; fileRef = FA2A7B342C20DFE7008870EC /* CharacterPickerView.swift */; };
		FA2A7B372C2105C7008870EC /* MeleeHelpViewModel.swift in Sources */ = {isa = PBXBuildFile; fileRef = FA2A7B362C2105C7008870EC /* MeleeHelpViewModel.swift */; };
		FA2A7B402C2152B2008870EC /* LoadingView.swift in Sources */ = {isa = PBXBuildFile; fileRef = FA2A7B3F2C2152B2008870EC /* LoadingView.swift */; };
		FA2A7B542C22670C008870EC /* GoogleService-Info.plist in Resources */ = {isa = PBXBuildFile; fileRef = FA2A7B532C22670C008870EC /* GoogleService-Info.plist */; };
		FA2A7B572C22676F008870EC /* FirebaseCrashlytics in Frameworks */ = {isa = PBXBuildFile; productRef = FA2A7B562C22676F008870EC /* FirebaseCrashlytics */; };
		FA2A7B672C23F540008870EC /* HelpResponseView.swift in Sources */ = {isa = PBXBuildFile; fileRef = FA2A7B662C23F540008870EC /* HelpResponseView.swift */; };
		FA2A7B6B2C248C2A008870EC /* XDismissButton.swift in Sources */ = {isa = PBXBuildFile; fileRef = FA2A7B6A2C248C2A008870EC /* XDismissButton.swift */; };
		FA2A7B952C27853A008870EC /* ResponseBuilder.swift in Sources */ = {isa = PBXBuildFile; fileRef = FA2A7B942C27853A008870EC /* ResponseBuilder.swift */; };
		FA2A7B972C27870A008870EC /* JSONResponseView.swift in Sources */ = {isa = PBXBuildFile; fileRef = FA2A7B962C27870A008870EC /* JSONResponseView.swift */; };
		FA2A7BA32C2A2216008870EC /* GIFImageView.swift in Sources */ = {isa = PBXBuildFile; fileRef = FA2A7BA22C2A2216008870EC /* GIFImageView.swift */; };
		FA2A7BA92C2A233C008870EC /* Kingfisher in Frameworks */ = {isa = PBXBuildFile; productRef = FA2A7BA82C2A233C008870EC /* Kingfisher */; };
		FA2A7BAC2C2B3D92008870EC /* PostMatchView.swift in Sources */ = {isa = PBXBuildFile; fileRef = FA2A7BAB2C2B3D92008870EC /* PostMatchView.swift */; };
		FA2A7BEC2C2B3E6B008870EC /* fox_backair.gif in Resources */ = {isa = PBXBuildFile; fileRef = FA2A7BAD2C2B3E6B008870EC /* fox_backair.gif */; };
		FA2A7BED2C2B3E6B008870EC /* fox_downair.gif in Resources */ = {isa = PBXBuildFile; fileRef = FA2A7BAE2C2B3E6B008870EC /* fox_downair.gif */; };
		FA2A7BEE2C2B3E6B008870EC /* fox_specialdown.gif in Resources */ = {isa = PBXBuildFile; fileRef = FA2A7BAF2C2B3E6B008870EC /* fox_specialdown.gif */; };
		FA2A7BEF2C2B3E6B008870EC /* fox_forwardair.gif in Resources */ = {isa = PBXBuildFile; fileRef = FA2A7BB02C2B3E6B008870EC /* fox_forwardair.gif */; };
		FA2A7BF02C2B3E6B008870EC /* fox_neutralair.gif in Resources */ = {isa = PBXBuildFile; fileRef = FA2A7BB12C2B3E6B008870EC /* fox_neutralair.gif */; };
		FA2A7BF12C2B3E6B008870EC /* fox_specialneutral_aerial.gif in Resources */ = {isa = PBXBuildFile; fileRef = FA2A7BB22C2B3E6B008870EC /* fox_specialneutral_aerial.gif */; };
		FA2A7BF22C2B3E6B008870EC /* fox_specialneutral.gif in Resources */ = {isa = PBXBuildFile; fileRef = FA2A7BB32C2B3E6B008870EC /* fox_specialneutral.gif */; };
		FA2A7BF32C2B3E6B008870EC /* fox_upair.gif in Resources */ = {isa = PBXBuildFile; fileRef = FA2A7BB42C2B3E6B008870EC /* fox_upair.gif */; };
		FA2A7BF42C2B3E6B008870EC /* fox_upsmash.gif in Resources */ = {isa = PBXBuildFile; fileRef = FA2A7BB52C2B3E6B008870EC /* fox_upsmash.gif */; };
		FA2A7BF52C2B3E6B008870EC /* fox_specialup.gif in Resources */ = {isa = PBXBuildFile; fileRef = FA2A7BB62C2B3E6B008870EC /* fox_specialup.gif */; };
		FA2A7BF62C2B3E6B008870EC /* fox_uptilt.gif in Resources */ = {isa = PBXBuildFile; fileRef = FA2A7BB72C2B3E6B008870EC /* fox_uptilt.gif */; };
		FA2A7BF72C2B3E6B008870EC /* fox_airdodge.gif in Resources */ = {isa = PBXBuildFile; fileRef = FA2A7BB82C2B3E6B008870EC /* fox_airdodge.gif */; };
		FA2A7BF82C2B3E6B008870EC /* fox_rollback.gif in Resources */ = {isa = PBXBuildFile; fileRef = FA2A7BB92C2B3E6B008870EC /* fox_rollback.gif */; };
		FA2A7BF92C2B3E6B008870EC /* fox_dashattack.gif in Resources */ = {isa = PBXBuildFile; fileRef = FA2A7BBA2C2B3E6B008870EC /* fox_dashattack.gif */; };
		FA2A7BFA2C2B3E6B008870EC /* fox_dashgrab.gif in Resources */ = {isa = PBXBuildFile; fileRef = FA2A7BBB2C2B3E6B008870EC /* fox_dashgrab.gif */; };
		FA2A7BFB2C2B3E6B008870EC /* fox_downsmash.gif in Resources */ = {isa = PBXBuildFile; fileRef = FA2A7BBC2C2B3E6B008870EC /* fox_downsmash.gif */; };
		FA2A7BFC2C2B3E6B008870EC /* fox_downtilt.gif in Resources */ = {isa = PBXBuildFile; fileRef = FA2A7BBD2C2B3E6B008870EC /* fox_downtilt.gif */; };
		FA2A7BFD2C2B3E6B008870EC /* fox_rollforward.gif in Resources */ = {isa = PBXBuildFile; fileRef = FA2A7BBE2C2B3E6B008870EC /* fox_rollforward.gif */; };
		FA2A7BFE2C2B3E6B008870EC /* fox_specialside_aerial.gif in Resources */ = {isa = PBXBuildFile; fileRef = FA2A7BBF2C2B3E6B008870EC /* fox_specialside_aerial.gif */; };
		FA2A7BFF2C2B3E6B008870EC /* fox_specialside.gif in Resources */ = {isa = PBXBuildFile; fileRef = FA2A7BC02C2B3E6B008870EC /* fox_specialside.gif */; };
		FA2A7C002C2B3E6B008870EC /* fox_forwardsmash.gif in Resources */ = {isa = PBXBuildFile; fileRef = FA2A7BC12C2B3E6B008870EC /* fox_forwardsmash.gif */; };
		FA2A7C012C2B3E6B008870EC /* fox_forwardtilt_down.gif in Resources */ = {isa = PBXBuildFile; fileRef = FA2A7BC22C2B3E6B008870EC /* fox_forwardtilt_down.gif */; };
		FA2A7C022C2B3E6B008870EC /* fox_forwardtilt_forward.gif in Resources */ = {isa = PBXBuildFile; fileRef = FA2A7BC32C2B3E6B008870EC /* fox_forwardtilt_forward.gif */; };
		FA2A7C032C2B3E6B008870EC /* fox_forwardtilt_up.gif in Resources */ = {isa = PBXBuildFile; fileRef = FA2A7BC42C2B3E6B008870EC /* fox_forwardtilt_up.gif */; };
		FA2A7C042C2B3E6B008870EC /* fox_grab.gif in Resources */ = {isa = PBXBuildFile; fileRef = FA2A7BC52C2B3E6B008870EC /* fox_grab.gif */; };
		FA2A7C052C2B3E6B008870EC /* fox_jab1.gif in Resources */ = {isa = PBXBuildFile; fileRef = FA2A7BC62C2B3E6B008870EC /* fox_jab1.gif */; };
		FA2A7C062C2B3E6B008870EC /* fox_jab2.gif in Resources */ = {isa = PBXBuildFile; fileRef = FA2A7BC72C2B3E6B008870EC /* fox_jab2.gif */; };
		FA2A7C072C2B3E6B008870EC /* fox_rapidjab.gif in Resources */ = {isa = PBXBuildFile; fileRef = FA2A7BC82C2B3E6B008870EC /* fox_rapidjab.gif */; };
		FA2A7C082C2B3E6B008870EC /* fox_spotdodge.gif in Resources */ = {isa = PBXBuildFile; fileRef = FA2A7BC92C2B3E6B008870EC /* fox_spotdodge.gif */; };
		FA2A7C092C2B3E6B008870EC /* Marth_Air_Dodge_Hitbox_Melee.gif in Resources */ = {isa = PBXBuildFile; fileRef = FA2A7BCB2C2B3E6B008870EC /* Marth_Air_Dodge_Hitbox_Melee.gif */; };
		FA2A7C0A2C2B3E6B008870EC /* Marth_Back_Aerial_Hitbox_Melee.gif in Resources */ = {isa = PBXBuildFile; fileRef = FA2A7BCC2C2B3E6B008870EC /* Marth_Back_Aerial_Hitbox_Melee.gif */; };
		FA2A7C0B2C2B3E6B008870EC /* Marth_Back_Roll_Hitbox_Melee.gif in Resources */ = {isa = PBXBuildFile; fileRef = FA2A7BCD2C2B3E6B008870EC /* Marth_Back_Roll_Hitbox_Melee.gif */; };
		FA2A7C0C2C2B3E6B008870EC /* Marth_Dash_Attack_Hitbox_Melee.gif in Resources */ = {isa = PBXBuildFile; fileRef = FA2A7BCE2C2B3E6B008870EC /* Marth_Dash_Attack_Hitbox_Melee.gif */; };
		FA2A7C0D2C2B3E6B008870EC /* Marth_Dash_Grab_Hitbox_Melee.gif in Resources */ = {isa = PBXBuildFile; fileRef = FA2A7BCF2C2B3E6B008870EC /* Marth_Dash_Grab_Hitbox_Melee.gif */; };
		FA2A7C0E2C2B3E6B008870EC /* Marth_Down_Aerial_Hitbox_Melee.gif in Resources */ = {isa = PBXBuildFile; fileRef = FA2A7BD02C2B3E6B008870EC /* Marth_Down_Aerial_Hitbox_Melee.gif */; };
		FA2A7C0F2C2B3E6B008870EC /* Marth_Down_Smash_Hitbox_Melee.gif in Resources */ = {isa = PBXBuildFile; fileRef = FA2A7BD12C2B3E6B008870EC /* Marth_Down_Smash_Hitbox_Melee.gif */; };
		FA2A7C102C2B3E6B008870EC /* Marth_Down_Special_Hitbox_Melee.gif in Resources */ = {isa = PBXBuildFile; fileRef = FA2A7BD22C2B3E6B008870EC /* Marth_Down_Special_Hitbox_Melee.gif */; };
		FA2A7C112C2B3E6B008870EC /* Marth_Down_Tilt_Hitbox_Melee.gif in Resources */ = {isa = PBXBuildFile; fileRef = FA2A7BD32C2B3E6B008870EC /* Marth_Down_Tilt_Hitbox_Melee.gif */; };
		FA2A7C122C2B3E6B008870EC /* Marth_Forward_Aerial_Hitbox_Melee.gif in Resources */ = {isa = PBXBuildFile; fileRef = FA2A7BD42C2B3E6B008870EC /* Marth_Forward_Aerial_Hitbox_Melee.gif */; };
		FA2A7C132C2B3E6B008870EC /* Marth_Forward_Roll_Hitbox_Melee.gif in Resources */ = {isa = PBXBuildFile; fileRef = FA2A7BD52C2B3E6B008870EC /* Marth_Forward_Roll_Hitbox_Melee.gif */; };
		FA2A7C142C2B3E6B008870EC /* Marth_Forward_Smash_Hitbox_Melee.gif in Resources */ = {isa = PBXBuildFile; fileRef = FA2A7BD62C2B3E6B008870EC /* Marth_Forward_Smash_Hitbox_Melee.gif */; };
		FA2A7C152C2B3E6B008870EC /* Marth_Forward_Tilt_Hitbox_Melee.gif in Resources */ = {isa = PBXBuildFile; fileRef = FA2A7BD72C2B3E6B008870EC /* Marth_Forward_Tilt_Hitbox_Melee.gif */; };
		FA2A7C162C2B3E6B008870EC /* Marth_Grab_Hitbox_Melee.gif in Resources */ = {isa = PBXBuildFile; fileRef = FA2A7BD82C2B3E6B008870EC /* Marth_Grab_Hitbox_Melee.gif */; };
		FA2A7C172C2B3E6B008870EC /* Marth_Neutral_Aerial_Hitbox_Melee.gif in Resources */ = {isa = PBXBuildFile; fileRef = FA2A7BD92C2B3E6B008870EC /* Marth_Neutral_Aerial_Hitbox_Melee.gif */; };
		FA2A7C182C2B3E6B008870EC /* Marth_Neutral_Attack_Hitbox_1_Melee.gif in Resources */ = {isa = PBXBuildFile; fileRef = FA2A7BDA2C2B3E6B008870EC /* Marth_Neutral_Attack_Hitbox_1_Melee.gif */; };
		FA2A7C192C2B3E6B008870EC /* Marth_Neutral_Attack_Hitbox_2_Melee.gif in Resources */ = {isa = PBXBuildFile; fileRef = FA2A7BDB2C2B3E6B008870EC /* Marth_Neutral_Attack_Hitbox_2_Melee.gif */; };
		FA2A7C1A2C2B3E6B008870EC /* Marth_Neutral_Special_Hitbox_Melee.gif in Resources */ = {isa = PBXBuildFile; fileRef = FA2A7BDC2C2B3E6B008870EC /* Marth_Neutral_Special_Hitbox_Melee.gif */; };
		FA2A7C1B2C2B3E6B008870EC /* Marth_Side_Special_Hitbox_First_Hit_Melee.gif in Resources */ = {isa = PBXBuildFile; fileRef = FA2A7BDD2C2B3E6B008870EC /* Marth_Side_Special_Hitbox_First_Hit_Melee.gif */; };
		FA2A7C1C2C2B3E6B008870EC /* Marth_Side_Special_Hitbox_Fourth_Hit_Down_Melee.gif in Resources */ = {isa = PBXBuildFile; fileRef = FA2A7BDE2C2B3E6B008870EC /* Marth_Side_Special_Hitbox_Fourth_Hit_Down_Melee.gif */; };
		FA2A7C1D2C2B3E6B008870EC /* Marth_Side_Special_Hitbox_Fourth_Hit_Neutral_Side_Melee.gif in Resources */ = {isa = PBXBuildFile; fileRef = FA2A7BDF2C2B3E6B008870EC /* Marth_Side_Special_Hitbox_Fourth_Hit_Neutral_Side_Melee.gif */; };
		FA2A7C1E2C2B3E6B008870EC /* Marth_Side_Special_Hitbox_Fourth_Hit_Up_Melee.gif in Resources */ = {isa = PBXBuildFile; fileRef = FA2A7BE02C2B3E6B008870EC /* Marth_Side_Special_Hitbox_Fourth_Hit_Up_Melee.gif */; };
		FA2A7C1F2C2B3E6B008870EC /* Marth_Side_Special_Hitbox_Second_Hit_Neutral_Side_Down_Melee.gif in Resources */ = {isa = PBXBuildFile; fileRef = FA2A7BE12C2B3E6B008870EC /* Marth_Side_Special_Hitbox_Second_Hit_Neutral_Side_Down_Melee.gif */; };
		FA2A7C202C2B3E6B008870EC /* Marth_Side_Special_Hitbox_Second_Hit_Up_Melee.gif in Resources */ = {isa = PBXBuildFile; fileRef = FA2A7BE22C2B3E6B008870EC /* Marth_Side_Special_Hitbox_Second_Hit_Up_Melee.gif */; };
		FA2A7C212C2B3E6B008870EC /* Marth_Side_Special_Hitbox_Third_Hit_Down_Melee.gif in Resources */ = {isa = PBXBuildFile; fileRef = FA2A7BE32C2B3E6B008870EC /* Marth_Side_Special_Hitbox_Third_Hit_Down_Melee.gif */; };
		FA2A7C222C2B3E6B008870EC /* Marth_Side_Special_Hitbox_Third_Hit_Neutral_Side_Melee.gif in Resources */ = {isa = PBXBuildFile; fileRef = FA2A7BE42C2B3E6B008870EC /* Marth_Side_Special_Hitbox_Third_Hit_Neutral_Side_Melee.gif */; };
		FA2A7C232C2B3E6B008870EC /* Marth_Side_Special_Hitbox_Third_Hit_Up_Melee.gif in Resources */ = {isa = PBXBuildFile; fileRef = FA2A7BE52C2B3E6B008870EC /* Marth_Side_Special_Hitbox_Third_Hit_Up_Melee.gif */; };
		FA2A7C242C2B3E6B008870EC /* Marth_Spot_Dodge_Hitbox_Melee.gif in Resources */ = {isa = PBXBuildFile; fileRef = FA2A7BE62C2B3E6B008870EC /* Marth_Spot_Dodge_Hitbox_Melee.gif */; };
		FA2A7C252C2B3E6B008870EC /* Marth_Up_Aerial_Hitbox_Melee.gif in Resources */ = {isa = PBXBuildFile; fileRef = FA2A7BE72C2B3E6B008870EC /* Marth_Up_Aerial_Hitbox_Melee.gif */; };
		FA2A7C262C2B3E6B008870EC /* Marth_Up_Smash_Hitbox_Melee.gif in Resources */ = {isa = PBXBuildFile; fileRef = FA2A7BE82C2B3E6B008870EC /* Marth_Up_Smash_Hitbox_Melee.gif */; };
		FA2A7C272C2B3E6B008870EC /* Marth_Up_Special_Hitbox_Melee.gif in Resources */ = {isa = PBXBuildFile; fileRef = FA2A7BE92C2B3E6B008870EC /* Marth_Up_Special_Hitbox_Melee.gif */; };
		FA2A7C282C2B3E6B008870EC /* Marth_Up_Tilt_Hitbox_Melee.gif in Resources */ = {isa = PBXBuildFile; fileRef = FA2A7BEA2C2B3E6B008870EC /* Marth_Up_Tilt_Hitbox_Melee.gif */; };
		FA2A7C2A2C2B46E9008870EC /* MoveAnimationView.swift in Sources */ = {isa = PBXBuildFile; fileRef = FA2A7C292C2B46E9008870EC /* MoveAnimationView.swift */; };
		FA358FE12C2FB39F00E417B1 /* NetworkManager.swift in Sources */ = {isa = PBXBuildFile; fileRef = FA358FE02C2FB39F00E417B1 /* NetworkManager.swift */; };
		FABABC372C1B64DB00654DE6 /* Melee_HelperApp.swift in Sources */ = {isa = PBXBuildFile; fileRef = FABABC362C1B64DB00654DE6 /* Melee_HelperApp.swift */; };
		FABABC392C1B64DB00654DE6 /* MeleeHomeScreenView.swift in Sources */ = {isa = PBXBuildFile; fileRef = FABABC382C1B64DB00654DE6 /* MeleeHomeScreenView.swift */; };
		FABABC3B2C1B64DD00654DE6 /* Assets.xcassets in Resources */ = {isa = PBXBuildFile; fileRef = FABABC3A2C1B64DD00654DE6 /* Assets.xcassets */; };
		FABABC3E2C1B64DD00654DE6 /* Preview Assets.xcassets in Resources */ = {isa = PBXBuildFile; fileRef = FABABC3D2C1B64DD00654DE6 /* Preview Assets.xcassets */; };
		FABABC452C1B65CD00654DE6 /* Character.swift in Sources */ = {isa = PBXBuildFile; fileRef = FABABC442C1B65CD00654DE6 /* Character.swift */; };
		FABABC492C1B6AB800654DE6 /* CharacterData.swift in Sources */ = {isa = PBXBuildFile; fileRef = FABABC482C1B6AB800654DE6 /* CharacterData.swift */; };
		FABABC4B2C1B6EBD00654DE6 /* MeleeCharacterTitleView.swift in Sources */ = {isa = PBXBuildFile; fileRef = FABABC4A2C1B6EBD00654DE6 /* MeleeCharacterTitleView.swift */; };
		FABABC4D2C1B739800654DE6 /* MeleeCharacterDetailView.swift in Sources */ = {isa = PBXBuildFile; fileRef = FABABC4C2C1B739800654DE6 /* MeleeCharacterDetailView.swift */; };
		FABABC512C1B74A600654DE6 /* MainBackgroundView.swift in Sources */ = {isa = PBXBuildFile; fileRef = FABABC502C1B74A600654DE6 /* MainBackgroundView.swift */; };
		FABABC542C1B777500654DE6 /* MeleeCharacterGridViewModel.swift in Sources */ = {isa = PBXBuildFile; fileRef = FABABC532C1B777500654DE6 /* MeleeCharacterGridViewModel.swift */; };
/* End PBXBuildFile section */

/* Begin PBXFileReference section */
		FA2A7AE12C1C06EC008870EC /* MeleeCharacterGridView.swift */ = {isa = PBXFileReference; lastKnownFileType = sourcecode.swift; path = MeleeCharacterGridView.swift; sourceTree = "<group>"; };
		FA2A7AE62C1C09C9008870EC /* MeleeImageView.swift */ = {isa = PBXFileReference; lastKnownFileType = sourcecode.swift; path = MeleeImageView.swift; sourceTree = "<group>"; };
		FA2A7AE82C1C1505008870EC /* CameraView.swift */ = {isa = PBXFileReference; lastKnownFileType = sourcecode.swift; path = CameraView.swift; sourceTree = "<group>"; };
		FA2A7AEA2C1C154F008870EC /* CameraViewController.swift */ = {isa = PBXFileReference; lastKnownFileType = sourcecode.swift; path = CameraViewController.swift; sourceTree = "<group>"; };
		FA2A7AEF2C1D5BE6008870EC /* MeleeHelpView.swift */ = {isa = PBXFileReference; lastKnownFileType = sourcecode.swift; path = MeleeHelpView.swift; sourceTree = "<group>"; };
		FA2A7B322C20D815008870EC /* CharacterPickerItemView.swift */ = {isa = PBXFileReference; lastKnownFileType = sourcecode.swift; path = CharacterPickerItemView.swift; sourceTree = "<group>"; };
		FA2A7B342C20DFE7008870EC /* CharacterPickerView.swift */ = {isa = PBXFileReference; lastKnownFileType = sourcecode.swift; path = CharacterPickerView.swift; sourceTree = "<group>"; };
		FA2A7B362C2105C7008870EC /* MeleeHelpViewModel.swift */ = {isa = PBXFileReference; lastKnownFileType = sourcecode.swift; path = MeleeHelpViewModel.swift; sourceTree = "<group>"; };
		FA2A7B3F2C2152B2008870EC /* LoadingView.swift */ = {isa = PBXFileReference; lastKnownFileType = sourcecode.swift; path = LoadingView.swift; sourceTree = "<group>"; };
		FA2A7B532C22670C008870EC /* GoogleService-Info.plist */ = {isa = PBXFileReference; fileEncoding = 4; lastKnownFileType = text.plist.xml; path = "GoogleService-Info.plist"; sourceTree = "<group>"; };
		FA2A7B642C227D84008870EC /* Config.xcconfig */ = {isa = PBXFileReference; lastKnownFileType = text.xcconfig; path = Config.xcconfig; sourceTree = "<group>"; };
		FA2A7B652C227E14008870EC /* Info.plist */ = {isa = PBXFileReference; lastKnownFileType = text.plist; path = Info.plist; sourceTree = "<group>"; };
		FA2A7B662C23F540008870EC /* HelpResponseView.swift */ = {isa = PBXFileReference; lastKnownFileType = sourcecode.swift; path = HelpResponseView.swift; sourceTree = "<group>"; };
		FA2A7B6A2C248C2A008870EC /* XDismissButton.swift */ = {isa = PBXFileReference; lastKnownFileType = sourcecode.swift; path = XDismissButton.swift; sourceTree = "<group>"; };
		FA2A7B942C27853A008870EC /* ResponseBuilder.swift */ = {isa = PBXFileReference; lastKnownFileType = sourcecode.swift; path = ResponseBuilder.swift; sourceTree = "<group>"; };
		FA2A7B962C27870A008870EC /* JSONResponseView.swift */ = {isa = PBXFileReference; lastKnownFileType = sourcecode.swift; path = JSONResponseView.swift; sourceTree = "<group>"; };
		FA2A7BA22C2A2216008870EC /* GIFImageView.swift */ = {isa = PBXFileReference; lastKnownFileType = sourcecode.swift; path = GIFImageView.swift; sourceTree = "<group>"; };
		FA2A7BAB2C2B3D92008870EC /* PostMatchView.swift */ = {isa = PBXFileReference; lastKnownFileType = sourcecode.swift; path = PostMatchView.swift; sourceTree = "<group>"; };
		FA2A7BAD2C2B3E6B008870EC /* fox_backair.gif */ = {isa = PBXFileReference; lastKnownFileType = image.gif; path = fox_backair.gif; sourceTree = "<group>"; };
		FA2A7BAE2C2B3E6B008870EC /* fox_downair.gif */ = {isa = PBXFileReference; lastKnownFileType = image.gif; path = fox_downair.gif; sourceTree = "<group>"; };
		FA2A7BAF2C2B3E6B008870EC /* fox_specialdown.gif */ = {isa = PBXFileReference; lastKnownFileType = image.gif; path = fox_specialdown.gif; sourceTree = "<group>"; };
		FA2A7BB02C2B3E6B008870EC /* fox_forwardair.gif */ = {isa = PBXFileReference; lastKnownFileType = image.gif; path = fox_forwardair.gif; sourceTree = "<group>"; };
		FA2A7BB12C2B3E6B008870EC /* fox_neutralair.gif */ = {isa = PBXFileReference; lastKnownFileType = image.gif; path = fox_neutralair.gif; sourceTree = "<group>"; };
		FA2A7BB22C2B3E6B008870EC /* fox_specialneutral_aerial.gif */ = {isa = PBXFileReference; lastKnownFileType = image.gif; path = fox_specialneutral_aerial.gif; sourceTree = "<group>"; };
		FA2A7BB32C2B3E6B008870EC /* fox_specialneutral.gif */ = {isa = PBXFileReference; lastKnownFileType = image.gif; path = fox_specialneutral.gif; sourceTree = "<group>"; };
		FA2A7BB42C2B3E6B008870EC /* fox_upair.gif */ = {isa = PBXFileReference; lastKnownFileType = image.gif; path = fox_upair.gif; sourceTree = "<group>"; };
		FA2A7BB52C2B3E6B008870EC /* fox_upsmash.gif */ = {isa = PBXFileReference; lastKnownFileType = image.gif; path = fox_upsmash.gif; sourceTree = "<group>"; };
		FA2A7BB62C2B3E6B008870EC /* fox_specialup.gif */ = {isa = PBXFileReference; lastKnownFileType = image.gif; path = fox_specialup.gif; sourceTree = "<group>"; };
		FA2A7BB72C2B3E6B008870EC /* fox_uptilt.gif */ = {isa = PBXFileReference; lastKnownFileType = image.gif; path = fox_uptilt.gif; sourceTree = "<group>"; };
		FA2A7BB82C2B3E6B008870EC /* fox_airdodge.gif */ = {isa = PBXFileReference; lastKnownFileType = image.gif; path = fox_airdodge.gif; sourceTree = "<group>"; };
		FA2A7BB92C2B3E6B008870EC /* fox_rollback.gif */ = {isa = PBXFileReference; lastKnownFileType = image.gif; path = fox_rollback.gif; sourceTree = "<group>"; };
		FA2A7BBA2C2B3E6B008870EC /* fox_dashattack.gif */ = {isa = PBXFileReference; lastKnownFileType = image.gif; path = fox_dashattack.gif; sourceTree = "<group>"; };
		FA2A7BBB2C2B3E6B008870EC /* fox_dashgrab.gif */ = {isa = PBXFileReference; lastKnownFileType = image.gif; path = fox_dashgrab.gif; sourceTree = "<group>"; };
		FA2A7BBC2C2B3E6B008870EC /* fox_downsmash.gif */ = {isa = PBXFileReference; lastKnownFileType = image.gif; path = fox_downsmash.gif; sourceTree = "<group>"; };
		FA2A7BBD2C2B3E6B008870EC /* fox_downtilt.gif */ = {isa = PBXFileReference; lastKnownFileType = image.gif; path = fox_downtilt.gif; sourceTree = "<group>"; };
		FA2A7BBE2C2B3E6B008870EC /* fox_rollforward.gif */ = {isa = PBXFileReference; lastKnownFileType = image.gif; path = fox_rollforward.gif; sourceTree = "<group>"; };
		FA2A7BBF2C2B3E6B008870EC /* fox_specialside_aerial.gif */ = {isa = PBXFileReference; lastKnownFileType = image.gif; path = fox_specialside_aerial.gif; sourceTree = "<group>"; };
		FA2A7BC02C2B3E6B008870EC /* fox_specialside.gif */ = {isa = PBXFileReference; lastKnownFileType = image.gif; path = fox_specialside.gif; sourceTree = "<group>"; };
		FA2A7BC12C2B3E6B008870EC /* fox_forwardsmash.gif */ = {isa = PBXFileReference; lastKnownFileType = image.gif; path = fox_forwardsmash.gif; sourceTree = "<group>"; };
		FA2A7BC22C2B3E6B008870EC /* fox_forwardtilt_down.gif */ = {isa = PBXFileReference; lastKnownFileType = image.gif; path = fox_forwardtilt_down.gif; sourceTree = "<group>"; };
		FA2A7BC32C2B3E6B008870EC /* fox_forwardtilt_forward.gif */ = {isa = PBXFileReference; lastKnownFileType = image.gif; path = fox_forwardtilt_forward.gif; sourceTree = "<group>"; };
		FA2A7BC42C2B3E6B008870EC /* fox_forwardtilt_up.gif */ = {isa = PBXFileReference; lastKnownFileType = image.gif; path = fox_forwardtilt_up.gif; sourceTree = "<group>"; };
		FA2A7BC52C2B3E6B008870EC /* fox_grab.gif */ = {isa = PBXFileReference; lastKnownFileType = image.gif; path = fox_grab.gif; sourceTree = "<group>"; };
		FA2A7BC62C2B3E6B008870EC /* fox_jab1.gif */ = {isa = PBXFileReference; lastKnownFileType = image.gif; path = fox_jab1.gif; sourceTree = "<group>"; };
		FA2A7BC72C2B3E6B008870EC /* fox_jab2.gif */ = {isa = PBXFileReference; lastKnownFileType = image.gif; path = fox_jab2.gif; sourceTree = "<group>"; };
		FA2A7BC82C2B3E6B008870EC /* fox_rapidjab.gif */ = {isa = PBXFileReference; lastKnownFileType = image.gif; path = fox_rapidjab.gif; sourceTree = "<group>"; };
		FA2A7BC92C2B3E6B008870EC /* fox_spotdodge.gif */ = {isa = PBXFileReference; lastKnownFileType = image.gif; path = fox_spotdodge.gif; sourceTree = "<group>"; };
		FA2A7BCB2C2B3E6B008870EC /* Marth_Air_Dodge_Hitbox_Melee.gif */ = {isa = PBXFileReference; lastKnownFileType = image.gif; path = Marth_Air_Dodge_Hitbox_Melee.gif; sourceTree = "<group>"; };
		FA2A7BCC2C2B3E6B008870EC /* Marth_Back_Aerial_Hitbox_Melee.gif */ = {isa = PBXFileReference; lastKnownFileType = image.gif; path = Marth_Back_Aerial_Hitbox_Melee.gif; sourceTree = "<group>"; };
		FA2A7BCD2C2B3E6B008870EC /* Marth_Back_Roll_Hitbox_Melee.gif */ = {isa = PBXFileReference; lastKnownFileType = image.gif; path = Marth_Back_Roll_Hitbox_Melee.gif; sourceTree = "<group>"; };
		FA2A7BCE2C2B3E6B008870EC /* Marth_Dash_Attack_Hitbox_Melee.gif */ = {isa = PBXFileReference; lastKnownFileType = image.gif; path = Marth_Dash_Attack_Hitbox_Melee.gif; sourceTree = "<group>"; };
		FA2A7BCF2C2B3E6B008870EC /* Marth_Dash_Grab_Hitbox_Melee.gif */ = {isa = PBXFileReference; lastKnownFileType = image.gif; path = Marth_Dash_Grab_Hitbox_Melee.gif; sourceTree = "<group>"; };
		FA2A7BD02C2B3E6B008870EC /* Marth_Down_Aerial_Hitbox_Melee.gif */ = {isa = PBXFileReference; lastKnownFileType = image.gif; path = Marth_Down_Aerial_Hitbox_Melee.gif; sourceTree = "<group>"; };
		FA2A7BD12C2B3E6B008870EC /* Marth_Down_Smash_Hitbox_Melee.gif */ = {isa = PBXFileReference; lastKnownFileType = image.gif; path = Marth_Down_Smash_Hitbox_Melee.gif; sourceTree = "<group>"; };
		FA2A7BD22C2B3E6B008870EC /* Marth_Down_Special_Hitbox_Melee.gif */ = {isa = PBXFileReference; lastKnownFileType = image.gif; path = Marth_Down_Special_Hitbox_Melee.gif; sourceTree = "<group>"; };
		FA2A7BD32C2B3E6B008870EC /* Marth_Down_Tilt_Hitbox_Melee.gif */ = {isa = PBXFileReference; lastKnownFileType = image.gif; path = Marth_Down_Tilt_Hitbox_Melee.gif; sourceTree = "<group>"; };
		FA2A7BD42C2B3E6B008870EC /* Marth_Forward_Aerial_Hitbox_Melee.gif */ = {isa = PBXFileReference; lastKnownFileType = image.gif; path = Marth_Forward_Aerial_Hitbox_Melee.gif; sourceTree = "<group>"; };
		FA2A7BD52C2B3E6B008870EC /* Marth_Forward_Roll_Hitbox_Melee.gif */ = {isa = PBXFileReference; lastKnownFileType = image.gif; path = Marth_Forward_Roll_Hitbox_Melee.gif; sourceTree = "<group>"; };
		FA2A7BD62C2B3E6B008870EC /* Marth_Forward_Smash_Hitbox_Melee.gif */ = {isa = PBXFileReference; lastKnownFileType = image.gif; path = Marth_Forward_Smash_Hitbox_Melee.gif; sourceTree = "<group>"; };
		FA2A7BD72C2B3E6B008870EC /* Marth_Forward_Tilt_Hitbox_Melee.gif */ = {isa = PBXFileReference; lastKnownFileType = image.gif; path = Marth_Forward_Tilt_Hitbox_Melee.gif; sourceTree = "<group>"; };
		FA2A7BD82C2B3E6B008870EC /* Marth_Grab_Hitbox_Melee.gif */ = {isa = PBXFileReference; lastKnownFileType = image.gif; path = Marth_Grab_Hitbox_Melee.gif; sourceTree = "<group>"; };
		FA2A7BD92C2B3E6B008870EC /* Marth_Neutral_Aerial_Hitbox_Melee.gif */ = {isa = PBXFileReference; lastKnownFileType = image.gif; path = Marth_Neutral_Aerial_Hitbox_Melee.gif; sourceTree = "<group>"; };
		FA2A7BDA2C2B3E6B008870EC /* Marth_Neutral_Attack_Hitbox_1_Melee.gif */ = {isa = PBXFileReference; lastKnownFileType = image.gif; path = Marth_Neutral_Attack_Hitbox_1_Melee.gif; sourceTree = "<group>"; };
		FA2A7BDB2C2B3E6B008870EC /* Marth_Neutral_Attack_Hitbox_2_Melee.gif */ = {isa = PBXFileReference; lastKnownFileType = image.gif; path = Marth_Neutral_Attack_Hitbox_2_Melee.gif; sourceTree = "<group>"; };
		FA2A7BDC2C2B3E6B008870EC /* Marth_Neutral_Special_Hitbox_Melee.gif */ = {isa = PBXFileReference; lastKnownFileType = image.gif; path = Marth_Neutral_Special_Hitbox_Melee.gif; sourceTree = "<group>"; };
		FA2A7BDD2C2B3E6B008870EC /* Marth_Side_Special_Hitbox_First_Hit_Melee.gif */ = {isa = PBXFileReference; lastKnownFileType = image.gif; path = Marth_Side_Special_Hitbox_First_Hit_Melee.gif; sourceTree = "<group>"; };
		FA2A7BDE2C2B3E6B008870EC /* Marth_Side_Special_Hitbox_Fourth_Hit_Down_Melee.gif */ = {isa = PBXFileReference; lastKnownFileType = image.gif; path = Marth_Side_Special_Hitbox_Fourth_Hit_Down_Melee.gif; sourceTree = "<group>"; };
		FA2A7BDF2C2B3E6B008870EC /* Marth_Side_Special_Hitbox_Fourth_Hit_Neutral_Side_Melee.gif */ = {isa = PBXFileReference; lastKnownFileType = image.gif; path = Marth_Side_Special_Hitbox_Fourth_Hit_Neutral_Side_Melee.gif; sourceTree = "<group>"; };
		FA2A7BE02C2B3E6B008870EC /* Marth_Side_Special_Hitbox_Fourth_Hit_Up_Melee.gif */ = {isa = PBXFileReference; lastKnownFileType = image.gif; path = Marth_Side_Special_Hitbox_Fourth_Hit_Up_Melee.gif; sourceTree = "<group>"; };
		FA2A7BE12C2B3E6B008870EC /* Marth_Side_Special_Hitbox_Second_Hit_Neutral_Side_Down_Melee.gif */ = {isa = PBXFileReference; lastKnownFileType = image.gif; path = Marth_Side_Special_Hitbox_Second_Hit_Neutral_Side_Down_Melee.gif; sourceTree = "<group>"; };
		FA2A7BE22C2B3E6B008870EC /* Marth_Side_Special_Hitbox_Second_Hit_Up_Melee.gif */ = {isa = PBXFileReference; lastKnownFileType = image.gif; path = Marth_Side_Special_Hitbox_Second_Hit_Up_Melee.gif; sourceTree = "<group>"; };
		FA2A7BE32C2B3E6B008870EC /* Marth_Side_Special_Hitbox_Third_Hit_Down_Melee.gif */ = {isa = PBXFileReference; lastKnownFileType = image.gif; path = Marth_Side_Special_Hitbox_Third_Hit_Down_Melee.gif; sourceTree = "<group>"; };
		FA2A7BE42C2B3E6B008870EC /* Marth_Side_Special_Hitbox_Third_Hit_Neutral_Side_Melee.gif */ = {isa = PBXFileReference; lastKnownFileType = image.gif; path = Marth_Side_Special_Hitbox_Third_Hit_Neutral_Side_Melee.gif; sourceTree = "<group>"; };
		FA2A7BE52C2B3E6B008870EC /* Marth_Side_Special_Hitbox_Third_Hit_Up_Melee.gif */ = {isa = PBXFileReference; lastKnownFileType = image.gif; path = Marth_Side_Special_Hitbox_Third_Hit_Up_Melee.gif; sourceTree = "<group>"; };
		FA2A7BE62C2B3E6B008870EC /* Marth_Spot_Dodge_Hitbox_Melee.gif */ = {isa = PBXFileReference; lastKnownFileType = image.gif; path = Marth_Spot_Dodge_Hitbox_Melee.gif; sourceTree = "<group>"; };
		FA2A7BE72C2B3E6B008870EC /* Marth_Up_Aerial_Hitbox_Melee.gif */ = {isa = PBXFileReference; lastKnownFileType = image.gif; path = Marth_Up_Aerial_Hitbox_Melee.gif; sourceTree = "<group>"; };
		FA2A7BE82C2B3E6B008870EC /* Marth_Up_Smash_Hitbox_Melee.gif */ = {isa = PBXFileReference; lastKnownFileType = image.gif; path = Marth_Up_Smash_Hitbox_Melee.gif; sourceTree = "<group>"; };
		FA2A7BE92C2B3E6B008870EC /* Marth_Up_Special_Hitbox_Melee.gif */ = {isa = PBXFileReference; lastKnownFileType = image.gif; path = Marth_Up_Special_Hitbox_Melee.gif; sourceTree = "<group>"; };
		FA2A7BEA2C2B3E6B008870EC /* Marth_Up_Tilt_Hitbox_Melee.gif */ = {isa = PBXFileReference; lastKnownFileType = image.gif; path = Marth_Up_Tilt_Hitbox_Melee.gif; sourceTree = "<group>"; };
		FA2A7C292C2B46E9008870EC /* MoveAnimationView.swift */ = {isa = PBXFileReference; lastKnownFileType = sourcecode.swift; path = MoveAnimationView.swift; sourceTree = "<group>"; };
		FA358FE02C2FB39F00E417B1 /* NetworkManager.swift */ = {isa = PBXFileReference; lastKnownFileType = sourcecode.swift; path = NetworkManager.swift; sourceTree = "<group>"; };
		FABABC332C1B64DB00654DE6 /* Melee-Helper.app */ = {isa = PBXFileReference; explicitFileType = wrapper.application; includeInIndex = 0; path = "Melee-Helper.app"; sourceTree = BUILT_PRODUCTS_DIR; };
		FABABC362C1B64DB00654DE6 /* Melee_HelperApp.swift */ = {isa = PBXFileReference; lastKnownFileType = sourcecode.swift; path = Melee_HelperApp.swift; sourceTree = "<group>"; };
		FABABC382C1B64DB00654DE6 /* MeleeHomeScreenView.swift */ = {isa = PBXFileReference; lastKnownFileType = sourcecode.swift; path = MeleeHomeScreenView.swift; sourceTree = "<group>"; };
		FABABC3A2C1B64DD00654DE6 /* Assets.xcassets */ = {isa = PBXFileReference; lastKnownFileType = folder.assetcatalog; path = Assets.xcassets; sourceTree = "<group>"; };
		FABABC3D2C1B64DD00654DE6 /* Preview Assets.xcassets */ = {isa = PBXFileReference; lastKnownFileType = folder.assetcatalog; path = "Preview Assets.xcassets"; sourceTree = "<group>"; };
		FABABC442C1B65CD00654DE6 /* Character.swift */ = {isa = PBXFileReference; lastKnownFileType = sourcecode.swift; path = Character.swift; sourceTree = "<group>"; };
		FABABC482C1B6AB800654DE6 /* CharacterData.swift */ = {isa = PBXFileReference; lastKnownFileType = sourcecode.swift; path = CharacterData.swift; sourceTree = "<group>"; };
		FABABC4A2C1B6EBD00654DE6 /* MeleeCharacterTitleView.swift */ = {isa = PBXFileReference; lastKnownFileType = sourcecode.swift; path = MeleeCharacterTitleView.swift; sourceTree = "<group>"; };
		FABABC4C2C1B739800654DE6 /* MeleeCharacterDetailView.swift */ = {isa = PBXFileReference; lastKnownFileType = sourcecode.swift; path = MeleeCharacterDetailView.swift; sourceTree = "<group>"; };
		FABABC502C1B74A600654DE6 /* MainBackgroundView.swift */ = {isa = PBXFileReference; lastKnownFileType = sourcecode.swift; path = MainBackgroundView.swift; sourceTree = "<group>"; };
		FABABC532C1B777500654DE6 /* MeleeCharacterGridViewModel.swift */ = {isa = PBXFileReference; lastKnownFileType = sourcecode.swift; path = MeleeCharacterGridViewModel.swift; sourceTree = "<group>"; };
/* End PBXFileReference section */

/* Begin PBXFrameworksBuildPhase section */
		FABABC302C1B64DB00654DE6 /* Frameworks */ = {
			isa = PBXFrameworksBuildPhase;
			buildActionMask = 2147483647;
			files = (
				FA2A7BA92C2A233C008870EC /* Kingfisher in Frameworks */,
				FA2A7B572C22676F008870EC /* FirebaseCrashlytics in Frameworks */,
			);
			runOnlyForDeploymentPostprocessing = 0;
		};
/* End PBXFrameworksBuildPhase section */

/* Begin PBXGroup section */
		FA2A7AE32C1C0883008870EC /* Screens */ = {
			isa = PBXGroup;
			children = (
				FA2A7BAA2C2B3D82008870EC /* Post-Match Helper */,
				FA2A7AEE2C1D5BDE008870EC /* Pre-Match Helper */,
				FA2A7AE52C1C0899008870EC /* Camera (Unused) */,
				FA2A7AE42C1C0890008870EC /* Character Info */,
			);
			path = Screens;
			sourceTree = "<group>";
		};
		FA2A7AE42C1C0890008870EC /* Character Info */ = {
			isa = PBXGroup;
			children = (
				FABABC4C2C1B739800654DE6 /* MeleeCharacterDetailView.swift */,
				FA2A7AE12C1C06EC008870EC /* MeleeCharacterGridView.swift */,
				FABABC532C1B777500654DE6 /* MeleeCharacterGridViewModel.swift */,
			);
			path = "Character Info";
			sourceTree = "<group>";
		};
		FA2A7AE52C1C0899008870EC /* Camera (Unused) */ = {
			isa = PBXGroup;
			children = (
				FA2A7AE62C1C09C9008870EC /* MeleeImageView.swift */,
				FA2A7AE82C1C1505008870EC /* CameraView.swift */,
				FA2A7AEA2C1C154F008870EC /* CameraViewController.swift */,
			);
			path = "Camera (Unused)";
			sourceTree = "<group>";
		};
		FA2A7AEE2C1D5BDE008870EC /* Pre-Match Helper */ = {
			isa = PBXGroup;
			children = (
				FA2A7B382C2105E6008870EC /* Picker */,
				FA2A7B362C2105C7008870EC /* MeleeHelpViewModel.swift */,
				FA2A7AEF2C1D5BE6008870EC /* MeleeHelpView.swift */,
				FA2A7B662C23F540008870EC /* HelpResponseView.swift */,
			);
			path = "Pre-Match Helper";
			sourceTree = "<group>";
		};
		FA2A7B382C2105E6008870EC /* Picker */ = {
			isa = PBXGroup;
			children = (
				FA2A7B322C20D815008870EC /* CharacterPickerItemView.swift */,
				FA2A7B342C20DFE7008870EC /* CharacterPickerView.swift */,
			);
			path = Picker;
			sourceTree = "<group>";
		};
		FA2A7B392C210776008870EC /* Utilities */ = {
			isa = PBXGroup;
			children = (
				FA2A7B942C27853A008870EC /* ResponseBuilder.swift */,
				FA358FE02C2FB39F00E417B1 /* NetworkManager.swift */,
			);
			path = Utilities;
			sourceTree = "<group>";
		};
		FA2A7BA42C2A2304008870EC /* Gifs */ = {
			isa = PBXGroup;
			children = (
				FA2A7C2B2C2B5292008870EC /* Bowser Animations */,
				FA2A7BCA2C2B3E6B008870EC /* Fox Animations */,
				FA2A7BEB2C2B3E6B008870EC /* Marth Animations */,
			);
			path = Gifs;
			sourceTree = "<group>";
		};
		FA2A7BAA2C2B3D82008870EC /* Post-Match Helper */ = {
			isa = PBXGroup;
			children = (
				FA2A7BAB2C2B3D92008870EC /* PostMatchView.swift */,
			);
			path = "Post-Match Helper";
			sourceTree = "<group>";
		};
		FA2A7BCA2C2B3E6B008870EC /* Fox Animations */ = {
			isa = PBXGroup;
			children = (
				FA2A7BAD2C2B3E6B008870EC /* fox_backair.gif */,
				FA2A7BAE2C2B3E6B008870EC /* fox_downair.gif */,
				FA2A7BAF2C2B3E6B008870EC /* fox_specialdown.gif */,
				FA2A7BB02C2B3E6B008870EC /* fox_forwardair.gif */,
				FA2A7BB12C2B3E6B008870EC /* fox_neutralair.gif */,
				FA2A7BB22C2B3E6B008870EC /* fox_specialneutral_aerial.gif */,
				FA2A7BB32C2B3E6B008870EC /* fox_specialneutral.gif */,
				FA2A7BB42C2B3E6B008870EC /* fox_upair.gif */,
				FA2A7BB52C2B3E6B008870EC /* fox_upsmash.gif */,
				FA2A7BB62C2B3E6B008870EC /* fox_specialup.gif */,
				FA2A7BB72C2B3E6B008870EC /* fox_uptilt.gif */,
				FA2A7BB82C2B3E6B008870EC /* fox_airdodge.gif */,
				FA2A7BB92C2B3E6B008870EC /* fox_rollback.gif */,
				FA2A7BBA2C2B3E6B008870EC /* fox_dashattack.gif */,
				FA2A7BBB2C2B3E6B008870EC /* fox_dashgrab.gif */,
				FA2A7BBC2C2B3E6B008870EC /* fox_downsmash.gif */,
				FA2A7BBD2C2B3E6B008870EC /* fox_downtilt.gif */,
				FA2A7BBE2C2B3E6B008870EC /* fox_rollforward.gif */,
				FA2A7BBF2C2B3E6B008870EC /* fox_specialside_aerial.gif */,
				FA2A7BC02C2B3E6B008870EC /* fox_specialside.gif */,
				FA2A7BC12C2B3E6B008870EC /* fox_forwardsmash.gif */,
				FA2A7BC22C2B3E6B008870EC /* fox_forwardtilt_down.gif */,
				FA2A7BC32C2B3E6B008870EC /* fox_forwardtilt_forward.gif */,
				FA2A7BC42C2B3E6B008870EC /* fox_forwardtilt_up.gif */,
				FA2A7BC52C2B3E6B008870EC /* fox_grab.gif */,
				FA2A7BC62C2B3E6B008870EC /* fox_jab1.gif */,
				FA2A7BC72C2B3E6B008870EC /* fox_jab2.gif */,
				FA2A7BC82C2B3E6B008870EC /* fox_rapidjab.gif */,
				FA2A7BC92C2B3E6B008870EC /* fox_spotdodge.gif */,
			);
			path = "Fox Animations";
			sourceTree = "<group>";
		};
		FA2A7BEB2C2B3E6B008870EC /* Marth Animations */ = {
			isa = PBXGroup;
			children = (
				FA2A7BCB2C2B3E6B008870EC /* Marth_Air_Dodge_Hitbox_Melee.gif */,
				FA2A7BCC2C2B3E6B008870EC /* Marth_Back_Aerial_Hitbox_Melee.gif */,
				FA2A7BCD2C2B3E6B008870EC /* Marth_Back_Roll_Hitbox_Melee.gif */,
				FA2A7BCE2C2B3E6B008870EC /* Marth_Dash_Attack_Hitbox_Melee.gif */,
				FA2A7BCF2C2B3E6B008870EC /* Marth_Dash_Grab_Hitbox_Melee.gif */,
				FA2A7BD02C2B3E6B008870EC /* Marth_Down_Aerial_Hitbox_Melee.gif */,
				FA2A7BD12C2B3E6B008870EC /* Marth_Down_Smash_Hitbox_Melee.gif */,
				FA2A7BD22C2B3E6B008870EC /* Marth_Down_Special_Hitbox_Melee.gif */,
				FA2A7BD32C2B3E6B008870EC /* Marth_Down_Tilt_Hitbox_Melee.gif */,
				FA2A7BD42C2B3E6B008870EC /* Marth_Forward_Aerial_Hitbox_Melee.gif */,
				FA2A7BD52C2B3E6B008870EC /* Marth_Forward_Roll_Hitbox_Melee.gif */,
				FA2A7BD62C2B3E6B008870EC /* Marth_Forward_Smash_Hitbox_Melee.gif */,
				FA2A7BD72C2B3E6B008870EC /* Marth_Forward_Tilt_Hitbox_Melee.gif */,
				FA2A7BD82C2B3E6B008870EC /* Marth_Grab_Hitbox_Melee.gif */,
				FA2A7BD92C2B3E6B008870EC /* Marth_Neutral_Aerial_Hitbox_Melee.gif */,
				FA2A7BDA2C2B3E6B008870EC /* Marth_Neutral_Attack_Hitbox_1_Melee.gif */,
				FA2A7BDB2C2B3E6B008870EC /* Marth_Neutral_Attack_Hitbox_2_Melee.gif */,
				FA2A7BDC2C2B3E6B008870EC /* Marth_Neutral_Special_Hitbox_Melee.gif */,
				FA2A7BDD2C2B3E6B008870EC /* Marth_Side_Special_Hitbox_First_Hit_Melee.gif */,
				FA2A7BDE2C2B3E6B008870EC /* Marth_Side_Special_Hitbox_Fourth_Hit_Down_Melee.gif */,
				FA2A7BDF2C2B3E6B008870EC /* Marth_Side_Special_Hitbox_Fourth_Hit_Neutral_Side_Melee.gif */,
				FA2A7BE02C2B3E6B008870EC /* Marth_Side_Special_Hitbox_Fourth_Hit_Up_Melee.gif */,
				FA2A7BE12C2B3E6B008870EC /* Marth_Side_Special_Hitbox_Second_Hit_Neutral_Side_Down_Melee.gif */,
				FA2A7BE22C2B3E6B008870EC /* Marth_Side_Special_Hitbox_Second_Hit_Up_Melee.gif */,
				FA2A7BE32C2B3E6B008870EC /* Marth_Side_Special_Hitbox_Third_Hit_Down_Melee.gif */,
				FA2A7BE42C2B3E6B008870EC /* Marth_Side_Special_Hitbox_Third_Hit_Neutral_Side_Melee.gif */,
				FA2A7BE52C2B3E6B008870EC /* Marth_Side_Special_Hitbox_Third_Hit_Up_Melee.gif */,
				FA2A7BE62C2B3E6B008870EC /* Marth_Spot_Dodge_Hitbox_Melee.gif */,
				FA2A7BE72C2B3E6B008870EC /* Marth_Up_Aerial_Hitbox_Melee.gif */,
				FA2A7BE82C2B3E6B008870EC /* Marth_Up_Smash_Hitbox_Melee.gif */,
				FA2A7BE92C2B3E6B008870EC /* Marth_Up_Special_Hitbox_Melee.gif */,
				FA2A7BEA2C2B3E6B008870EC /* Marth_Up_Tilt_Hitbox_Melee.gif */,
			);
			path = "Marth Animations";
			sourceTree = "<group>";
		};
		FA2A7C2B2C2B5292008870EC /* Bowser Animations */ = {
			isa = PBXGroup;
			children = (
			);
			path = "Bowser Animations";
			sourceTree = "<group>";
		};
		FABABC2A2C1B64DB00654DE6 = {
			isa = PBXGroup;
			children = (
				FA2A7BA42C2A2304008870EC /* Gifs */,
				FABABC352C1B64DB00654DE6 /* Melee-Helper */,
				FABABC342C1B64DB00654DE6 /* Products */,
			);
			sourceTree = "<group>";
		};
		FABABC342C1B64DB00654DE6 /* Products */ = {
			isa = PBXGroup;
			children = (
				FABABC332C1B64DB00654DE6 /* Melee-Helper.app */,
			);
			name = Products;
			sourceTree = "<group>";
		};
		FABABC352C1B64DB00654DE6 /* Melee-Helper */ = {
			isa = PBXGroup;
			children = (
				FA2A7B652C227E14008870EC /* Info.plist */,
				FA2A7B642C227D84008870EC /* Config.xcconfig */,
				FA2A7B532C22670C008870EC /* GoogleService-Info.plist */,
				FA2A7B392C210776008870EC /* Utilities */,
				FABABC362C1B64DB00654DE6 /* Melee_HelperApp.swift */,
				FABABC4E2C1B748600654DE6 /* Views */,
				FABABC472C1B6AB200654DE6 /* Data */,
				FABABC462C1B68D800654DE6 /* Models */,
				FABABC3A2C1B64DD00654DE6 /* Assets.xcassets */,
				FABABC3C2C1B64DD00654DE6 /* Preview Content */,
			);
			path = "Melee-Helper";
			sourceTree = "<group>";
		};
		FABABC3C2C1B64DD00654DE6 /* Preview Content */ = {
			isa = PBXGroup;
			children = (
				FABABC3D2C1B64DD00654DE6 /* Preview Assets.xcassets */,
			);
			path = "Preview Content";
			sourceTree = "<group>";
		};
		FABABC462C1B68D800654DE6 /* Models */ = {
			isa = PBXGroup;
			children = (
				FABABC442C1B65CD00654DE6 /* Character.swift */,
			);
			path = Models;
			sourceTree = "<group>";
		};
		FABABC472C1B6AB200654DE6 /* Data */ = {
			isa = PBXGroup;
			children = (
				FABABC482C1B6AB800654DE6 /* CharacterData.swift */,
			);
			path = Data;
			sourceTree = "<group>";
		};
		FABABC4E2C1B748600654DE6 /* Views */ = {
			isa = PBXGroup;
			children = (
				FABABC382C1B64DB00654DE6 /* MeleeHomeScreenView.swift */,
				FA2A7AE32C1C0883008870EC /* Screens */,
				FABABC4F2C1B748B00654DE6 /* Helpers */,
			);
			path = Views;
			sourceTree = "<group>";
		};
		FABABC4F2C1B748B00654DE6 /* Helpers */ = {
			isa = PBXGroup;
			children = (
				FA2A7B962C27870A008870EC /* JSONResponseView.swift */,
				FABABC4A2C1B6EBD00654DE6 /* MeleeCharacterTitleView.swift */,
				FABABC502C1B74A600654DE6 /* MainBackgroundView.swift */,
				FA2A7B3F2C2152B2008870EC /* LoadingView.swift */,
				FA2A7B6A2C248C2A008870EC /* XDismissButton.swift */,
				FA2A7BA22C2A2216008870EC /* GIFImageView.swift */,
				FA2A7C292C2B46E9008870EC /* MoveAnimationView.swift */,
			);
			path = Helpers;
			sourceTree = "<group>";
		};
/* End PBXGroup section */

/* Begin PBXNativeTarget section */
		FABABC322C1B64DB00654DE6 /* Melee-Helper */ = {
			isa = PBXNativeTarget;
			buildConfigurationList = FABABC412C1B64DD00654DE6 /* Build configuration list for PBXNativeTarget "Melee-Helper" */;
			buildPhases = (
				FABABC2F2C1B64DB00654DE6 /* Sources */,
				FABABC302C1B64DB00654DE6 /* Frameworks */,
				FABABC312C1B64DB00654DE6 /* Resources */,
				FA2A7B582C226CE7008870EC /* ShellScript */,
			);
			buildRules = (
			);
			dependencies = (
			);
			name = "Melee-Helper";
			packageProductDependencies = (
				FA2A7B562C22676F008870EC /* FirebaseCrashlytics */,
				FA2A7BA82C2A233C008870EC /* Kingfisher */,
			);
			productName = "Melee-Helper";
			productReference = FABABC332C1B64DB00654DE6 /* Melee-Helper.app */;
			productType = "com.apple.product-type.application";
		};
/* End PBXNativeTarget section */

/* Begin PBXProject section */
		FABABC2B2C1B64DB00654DE6 /* Project object */ = {
			isa = PBXProject;
			attributes = {
				BuildIndependentTargetsInParallel = 1;
				LastSwiftUpdateCheck = 1530;
				LastUpgradeCheck = 1530;
				TargetAttributes = {
					FABABC322C1B64DB00654DE6 = {
						CreatedOnToolsVersion = 15.3;
					};
				};
			};
			buildConfigurationList = FABABC2E2C1B64DB00654DE6 /* Build configuration list for PBXProject "Melee-Helper" */;
			compatibilityVersion = "Xcode 14.0";
			developmentRegion = en;
			hasScannedForEncodings = 0;
			knownRegions = (
				en,
				Base,
			);
			mainGroup = FABABC2A2C1B64DB00654DE6;
			packageReferences = (
				FA2A7B552C22676F008870EC /* XCRemoteSwiftPackageReference "firebase-ios-sdk" */,
				FA2A7B8F2C261A0B008870EC /* XCRemoteSwiftPackageReference "swift-markdown-ui" */,
				FA2A7BA72C2A233C008870EC /* XCRemoteSwiftPackageReference "Kingfisher" */,
			);
			productRefGroup = FABABC342C1B64DB00654DE6 /* Products */;
			projectDirPath = "";
			projectRoot = "";
			targets = (
				FABABC322C1B64DB00654DE6 /* Melee-Helper */,
			);
		};
/* End PBXProject section */

/* Begin PBXResourcesBuildPhase section */
		FABABC312C1B64DB00654DE6 /* Resources */ = {
			isa = PBXResourcesBuildPhase;
			buildActionMask = 2147483647;
			files = (
				FA2A7C172C2B3E6B008870EC /* Marth_Neutral_Aerial_Hitbox_Melee.gif in Resources */,
				FA2A7C1C2C2B3E6B008870EC /* Marth_Side_Special_Hitbox_Fourth_Hit_Down_Melee.gif in Resources */,
				FA2A7C072C2B3E6B008870EC /* fox_rapidjab.gif in Resources */,
				FA2A7BEC2C2B3E6B008870EC /* fox_backair.gif in Resources */,
				FA2A7C212C2B3E6B008870EC /* Marth_Side_Special_Hitbox_Third_Hit_Down_Melee.gif in Resources */,
				FA2A7C202C2B3E6B008870EC /* Marth_Side_Special_Hitbox_Second_Hit_Up_Melee.gif in Resources */,
				FA2A7C002C2B3E6B008870EC /* fox_forwardsmash.gif in Resources */,
				FA2A7C1B2C2B3E6B008870EC /* Marth_Side_Special_Hitbox_First_Hit_Melee.gif in Resources */,
				FA2A7C082C2B3E6B008870EC /* fox_spotdodge.gif in Resources */,
				FA2A7C252C2B3E6B008870EC /* Marth_Up_Aerial_Hitbox_Melee.gif in Resources */,
				FA2A7C0C2C2B3E6B008870EC /* Marth_Dash_Attack_Hitbox_Melee.gif in Resources */,
				FA2A7C0D2C2B3E6B008870EC /* Marth_Dash_Grab_Hitbox_Melee.gif in Resources */,
				FA2A7BF42C2B3E6B008870EC /* fox_upsmash.gif in Resources */,
				FA2A7C112C2B3E6B008870EC /* Marth_Down_Tilt_Hitbox_Melee.gif in Resources */,
				FA2A7BF22C2B3E6B008870EC /* fox_specialneutral.gif in Resources */,
				FA2A7C132C2B3E6B008870EC /* Marth_Forward_Roll_Hitbox_Melee.gif in Resources */,
				FA2A7BF82C2B3E6B008870EC /* fox_rollback.gif in Resources */,
				FA2A7C242C2B3E6B008870EC /* Marth_Spot_Dodge_Hitbox_Melee.gif in Resources */,
				FA2A7C182C2B3E6B008870EC /* Marth_Neutral_Attack_Hitbox_1_Melee.gif in Resources */,
				FA2A7BFB2C2B3E6B008870EC /* fox_downsmash.gif in Resources */,
				FA2A7C0E2C2B3E6B008870EC /* Marth_Down_Aerial_Hitbox_Melee.gif in Resources */,
				FA2A7C032C2B3E6B008870EC /* fox_forwardtilt_up.gif in Resources */,
				FABABC3E2C1B64DD00654DE6 /* Preview Assets.xcassets in Resources */,
				FA2A7C062C2B3E6B008870EC /* fox_jab2.gif in Resources */,
				FA2A7C102C2B3E6B008870EC /* Marth_Down_Special_Hitbox_Melee.gif in Resources */,
				FABABC3B2C1B64DD00654DE6 /* Assets.xcassets in Resources */,
				FA2A7C222C2B3E6B008870EC /* Marth_Side_Special_Hitbox_Third_Hit_Neutral_Side_Melee.gif in Resources */,
				FA2A7C192C2B3E6B008870EC /* Marth_Neutral_Attack_Hitbox_2_Melee.gif in Resources */,
				FA2A7C012C2B3E6B008870EC /* fox_forwardtilt_down.gif in Resources */,
				FA2A7C022C2B3E6B008870EC /* fox_forwardtilt_forward.gif in Resources */,
				FA2A7BFD2C2B3E6B008870EC /* fox_rollforward.gif in Resources */,
				FA2A7BEF2C2B3E6B008870EC /* fox_forwardair.gif in Resources */,
				FA2A7BFF2C2B3E6B008870EC /* fox_specialside.gif in Resources */,
				FA2A7C272C2B3E6B008870EC /* Marth_Up_Special_Hitbox_Melee.gif in Resources */,
				FA2A7C1A2C2B3E6B008870EC /* Marth_Neutral_Special_Hitbox_Melee.gif in Resources */,
				FA2A7B542C22670C008870EC /* GoogleService-Info.plist in Resources */,
				FA2A7BF72C2B3E6B008870EC /* fox_airdodge.gif in Resources */,
				FA2A7C262C2B3E6B008870EC /* Marth_Up_Smash_Hitbox_Melee.gif in Resources */,
				FA2A7C0F2C2B3E6B008870EC /* Marth_Down_Smash_Hitbox_Melee.gif in Resources */,
				FA2A7BED2C2B3E6B008870EC /* fox_downair.gif in Resources */,
				FA2A7BF52C2B3E6B008870EC /* fox_specialup.gif in Resources */,
				FA2A7BEE2C2B3E6B008870EC /* fox_specialdown.gif in Resources */,
				FA2A7C092C2B3E6B008870EC /* Marth_Air_Dodge_Hitbox_Melee.gif in Resources */,
				FA2A7C1D2C2B3E6B008870EC /* Marth_Side_Special_Hitbox_Fourth_Hit_Neutral_Side_Melee.gif in Resources */,
				FA2A7BF32C2B3E6B008870EC /* fox_upair.gif in Resources */,
				FA2A7C142C2B3E6B008870EC /* Marth_Forward_Smash_Hitbox_Melee.gif in Resources */,
				FA2A7C122C2B3E6B008870EC /* Marth_Forward_Aerial_Hitbox_Melee.gif in Resources */,
				FA2A7C152C2B3E6B008870EC /* Marth_Forward_Tilt_Hitbox_Melee.gif in Resources */,
				FA2A7C162C2B3E6B008870EC /* Marth_Grab_Hitbox_Melee.gif in Resources */,
				FA2A7BFA2C2B3E6B008870EC /* fox_dashgrab.gif in Resources */,
				FA2A7C282C2B3E6B008870EC /* Marth_Up_Tilt_Hitbox_Melee.gif in Resources */,
				FA2A7C0B2C2B3E6B008870EC /* Marth_Back_Roll_Hitbox_Melee.gif in Resources */,
				FA2A7C052C2B3E6B008870EC /* fox_jab1.gif in Resources */,
				FA2A7BFE2C2B3E6B008870EC /* fox_specialside_aerial.gif in Resources */,
				FA2A7C232C2B3E6B008870EC /* Marth_Side_Special_Hitbox_Third_Hit_Up_Melee.gif in Resources */,
				FA2A7BFC2C2B3E6B008870EC /* fox_downtilt.gif in Resources */,
				FA2A7BF62C2B3E6B008870EC /* fox_uptilt.gif in Resources */,
				FA2A7BF12C2B3E6B008870EC /* fox_specialneutral_aerial.gif in Resources */,
				FA2A7C042C2B3E6B008870EC /* fox_grab.gif in Resources */,
				FA2A7C1F2C2B3E6B008870EC /* Marth_Side_Special_Hitbox_Second_Hit_Neutral_Side_Down_Melee.gif in Resources */,
				FA2A7C1E2C2B3E6B008870EC /* Marth_Side_Special_Hitbox_Fourth_Hit_Up_Melee.gif in Resources */,
				FA2A7BF92C2B3E6B008870EC /* fox_dashattack.gif in Resources */,
				FA2A7BF02C2B3E6B008870EC /* fox_neutralair.gif in Resources */,
				FA2A7C0A2C2B3E6B008870EC /* Marth_Back_Aerial_Hitbox_Melee.gif in Resources */,
			);
			runOnlyForDeploymentPostprocessing = 0;
		};
/* End PBXResourcesBuildPhase section */

/* Begin PBXShellScriptBuildPhase section */
		FA2A7B582C226CE7008870EC /* ShellScript */ = {
			isa = PBXShellScriptBuildPhase;
			alwaysOutOfDate = 1;
			buildActionMask = 2147483647;
			files = (
			);
			inputFileListPaths = (
			);
			inputPaths = (
				"${DWARF_DSYM_FOLDER_PATH}/${DWARF_DSYM_FILE_NAME}",
				"${DWARF_DSYM_FOLDER_PATH}/${DWARF_DSYM_FILE_NAME}/Contents/Resources/DWARF/${PRODUCT_NAME}",
				"${DWARF_DSYM_FOLDER_PATH}/${DWARF_DSYM_FILE_NAME}/Contents/Info.plist",
				"$(TARGET_BUILD_DIR)/$(UNLOCALIZED_RESOURCES_FOLDER_PATH)/GoogleService-Info.plist",
				"$(TARGET_BUILD_DIR)/$(EXECUTABLE_PATH)",
			);
			outputFileListPaths = (
			);
			outputPaths = (
			);
			runOnlyForDeploymentPostprocessing = 0;
			shellPath = /bin/sh;
			shellScript = "# Type a script or drag a script file from your workspace to insert its path.\n\"${BUILD_DIR%/Build/*}/SourcePackages/checkouts/firebase-ios-sdk/Crashlytics/run\"\n";
		};
/* End PBXShellScriptBuildPhase section */

/* Begin PBXSourcesBuildPhase section */
		FABABC2F2C1B64DB00654DE6 /* Sources */ = {
			isa = PBXSourcesBuildPhase;
			buildActionMask = 2147483647;
			files = (
				FA2A7B372C2105C7008870EC /* MeleeHelpViewModel.swift in Sources */,
				FA2A7C2A2C2B46E9008870EC /* MoveAnimationView.swift in Sources */,
				FA2A7B672C23F540008870EC /* HelpResponseView.swift in Sources */,
				FA2A7BA32C2A2216008870EC /* GIFImageView.swift in Sources */,
				FA2A7AE22C1C06EC008870EC /* MeleeCharacterGridView.swift in Sources */,
				FABABC392C1B64DB00654DE6 /* MeleeHomeScreenView.swift in Sources */,
				FABABC492C1B6AB800654DE6 /* CharacterData.swift in Sources */,
				FABABC452C1B65CD00654DE6 /* Character.swift in Sources */,
				FABABC4B2C1B6EBD00654DE6 /* MeleeCharacterTitleView.swift in Sources */,
				FA2A7B332C20D815008870EC /* CharacterPickerItemView.swift in Sources */,
				FA2A7AEB2C1C154F008870EC /* CameraViewController.swift in Sources */,
				FA2A7B352C20DFE7008870EC /* CharacterPickerView.swift in Sources */,
				FABABC4D2C1B739800654DE6 /* MeleeCharacterDetailView.swift in Sources */,
				FABABC372C1B64DB00654DE6 /* Melee_HelperApp.swift in Sources */,
				FA2A7B972C27870A008870EC /* JSONResponseView.swift in Sources */,
				FA358FE12C2FB39F00E417B1 /* NetworkManager.swift in Sources */,
				FA2A7AE92C1C1505008870EC /* CameraView.swift in Sources */,
				FA2A7B952C27853A008870EC /* ResponseBuilder.swift in Sources */,
				FA2A7AF02C1D5BE6008870EC /* MeleeHelpView.swift in Sources */,
				FA2A7AE72C1C09C9008870EC /* MeleeImageView.swift in Sources */,
				FABABC542C1B777500654DE6 /* MeleeCharacterGridViewModel.swift in Sources */,
				FA2A7BAC2C2B3D92008870EC /* PostMatchView.swift in Sources */,
				FABABC512C1B74A600654DE6 /* MainBackgroundView.swift in Sources */,
				FA2A7B402C2152B2008870EC /* LoadingView.swift in Sources */,
				FA2A7B6B2C248C2A008870EC /* XDismissButton.swift in Sources */,
			);
			runOnlyForDeploymentPostprocessing = 0;
		};
/* End PBXSourcesBuildPhase section */

/* Begin XCBuildConfiguration section */
		FABABC3F2C1B64DD00654DE6 /* Debug */ = {
			isa = XCBuildConfiguration;
			baseConfigurationReference = FA2A7B642C227D84008870EC /* Config.xcconfig */;
			buildSettings = {
				ALWAYS_SEARCH_USER_PATHS = NO;
				ASSETCATALOG_COMPILER_GENERATE_SWIFT_ASSET_SYMBOL_EXTENSIONS = YES;
				CLANG_ANALYZER_NONNULL = YES;
				CLANG_ANALYZER_NUMBER_OBJECT_CONVERSION = YES_AGGRESSIVE;
				CLANG_CXX_LANGUAGE_STANDARD = "gnu++20";
				CLANG_ENABLE_MODULES = YES;
				CLANG_ENABLE_OBJC_ARC = YES;
				CLANG_ENABLE_OBJC_WEAK = YES;
				CLANG_WARN_BLOCK_CAPTURE_AUTORELEASING = YES;
				CLANG_WARN_BOOL_CONVERSION = YES;
				CLANG_WARN_COMMA = YES;
				CLANG_WARN_CONSTANT_CONVERSION = YES;
				CLANG_WARN_DEPRECATED_OBJC_IMPLEMENTATIONS = YES;
				CLANG_WARN_DIRECT_OBJC_ISA_USAGE = YES_ERROR;
				CLANG_WARN_DOCUMENTATION_COMMENTS = YES;
				CLANG_WARN_EMPTY_BODY = YES;
				CLANG_WARN_ENUM_CONVERSION = YES;
				CLANG_WARN_INFINITE_RECURSION = YES;
				CLANG_WARN_INT_CONVERSION = YES;
				CLANG_WARN_NON_LITERAL_NULL_CONVERSION = YES;
				CLANG_WARN_OBJC_IMPLICIT_RETAIN_SELF = YES;
				CLANG_WARN_OBJC_LITERAL_CONVERSION = YES;
				CLANG_WARN_OBJC_ROOT_CLASS = YES_ERROR;
				CLANG_WARN_QUOTED_INCLUDE_IN_FRAMEWORK_HEADER = YES;
				CLANG_WARN_RANGE_LOOP_ANALYSIS = YES;
				CLANG_WARN_STRICT_PROTOTYPES = YES;
				CLANG_WARN_SUSPICIOUS_MOVE = YES;
				CLANG_WARN_UNGUARDED_AVAILABILITY = YES_AGGRESSIVE;
				CLANG_WARN_UNREACHABLE_CODE = YES;
				CLANG_WARN__DUPLICATE_METHOD_MATCH = YES;
				COPY_PHASE_STRIP = NO;
				DEBUG_INFORMATION_FORMAT = dwarf;
				ENABLE_STRICT_OBJC_MSGSEND = YES;
				ENABLE_TESTABILITY = YES;
				ENABLE_USER_SCRIPT_SANDBOXING = YES;
				GCC_C_LANGUAGE_STANDARD = gnu17;
				GCC_DYNAMIC_NO_PIC = NO;
				GCC_NO_COMMON_BLOCKS = YES;
				GCC_OPTIMIZATION_LEVEL = 0;
				GCC_PREPROCESSOR_DEFINITIONS = (
					"DEBUG=1",
					"$(inherited)",
				);
				GCC_WARN_64_TO_32_BIT_CONVERSION = YES;
				GCC_WARN_ABOUT_RETURN_TYPE = YES_ERROR;
				GCC_WARN_UNDECLARED_SELECTOR = YES;
				GCC_WARN_UNINITIALIZED_AUTOS = YES_AGGRESSIVE;
				GCC_WARN_UNUSED_FUNCTION = YES;
				GCC_WARN_UNUSED_VARIABLE = YES;
				IPHONEOS_DEPLOYMENT_TARGET = 17.4;
				LOCALIZATION_PREFERS_STRING_CATALOGS = YES;
				MTL_ENABLE_DEBUG_INFO = INCLUDE_SOURCE;
				MTL_FAST_MATH = YES;
				ONLY_ACTIVE_ARCH = YES;
				SDKROOT = iphoneos;
				SWIFT_ACTIVE_COMPILATION_CONDITIONS = "DEBUG $(inherited)";
				SWIFT_OPTIMIZATION_LEVEL = "-Onone";
			};
			name = Debug;
		};
		FABABC402C1B64DD00654DE6 /* Release */ = {
			isa = XCBuildConfiguration;
			baseConfigurationReference = FA2A7B642C227D84008870EC /* Config.xcconfig */;
			buildSettings = {
				ALWAYS_SEARCH_USER_PATHS = NO;
				ASSETCATALOG_COMPILER_GENERATE_SWIFT_ASSET_SYMBOL_EXTENSIONS = YES;
				CLANG_ANALYZER_NONNULL = YES;
				CLANG_ANALYZER_NUMBER_OBJECT_CONVERSION = YES_AGGRESSIVE;
				CLANG_CXX_LANGUAGE_STANDARD = "gnu++20";
				CLANG_ENABLE_MODULES = YES;
				CLANG_ENABLE_OBJC_ARC = YES;
				CLANG_ENABLE_OBJC_WEAK = YES;
				CLANG_WARN_BLOCK_CAPTURE_AUTORELEASING = YES;
				CLANG_WARN_BOOL_CONVERSION = YES;
				CLANG_WARN_COMMA = YES;
				CLANG_WARN_CONSTANT_CONVERSION = YES;
				CLANG_WARN_DEPRECATED_OBJC_IMPLEMENTATIONS = YES;
				CLANG_WARN_DIRECT_OBJC_ISA_USAGE = YES_ERROR;
				CLANG_WARN_DOCUMENTATION_COMMENTS = YES;
				CLANG_WARN_EMPTY_BODY = YES;
				CLANG_WARN_ENUM_CONVERSION = YES;
				CLANG_WARN_INFINITE_RECURSION = YES;
				CLANG_WARN_INT_CONVERSION = YES;
				CLANG_WARN_NON_LITERAL_NULL_CONVERSION = YES;
				CLANG_WARN_OBJC_IMPLICIT_RETAIN_SELF = YES;
				CLANG_WARN_OBJC_LITERAL_CONVERSION = YES;
				CLANG_WARN_OBJC_ROOT_CLASS = YES_ERROR;
				CLANG_WARN_QUOTED_INCLUDE_IN_FRAMEWORK_HEADER = YES;
				CLANG_WARN_RANGE_LOOP_ANALYSIS = YES;
				CLANG_WARN_STRICT_PROTOTYPES = YES;
				CLANG_WARN_SUSPICIOUS_MOVE = YES;
				CLANG_WARN_UNGUARDED_AVAILABILITY = YES_AGGRESSIVE;
				CLANG_WARN_UNREACHABLE_CODE = YES;
				CLANG_WARN__DUPLICATE_METHOD_MATCH = YES;
				COPY_PHASE_STRIP = NO;
				DEBUG_INFORMATION_FORMAT = "dwarf-with-dsym";
				ENABLE_NS_ASSERTIONS = NO;
				ENABLE_STRICT_OBJC_MSGSEND = YES;
				ENABLE_USER_SCRIPT_SANDBOXING = YES;
				GCC_C_LANGUAGE_STANDARD = gnu17;
				GCC_NO_COMMON_BLOCKS = YES;
				GCC_WARN_64_TO_32_BIT_CONVERSION = YES;
				GCC_WARN_ABOUT_RETURN_TYPE = YES_ERROR;
				GCC_WARN_UNDECLARED_SELECTOR = YES;
				GCC_WARN_UNINITIALIZED_AUTOS = YES_AGGRESSIVE;
				GCC_WARN_UNUSED_FUNCTION = YES;
				GCC_WARN_UNUSED_VARIABLE = YES;
				IPHONEOS_DEPLOYMENT_TARGET = 17.4;
				LOCALIZATION_PREFERS_STRING_CATALOGS = YES;
				MTL_ENABLE_DEBUG_INFO = NO;
				MTL_FAST_MATH = YES;
				SDKROOT = iphoneos;
				SWIFT_COMPILATION_MODE = wholemodule;
				VALIDATE_PRODUCT = YES;
			};
			name = Release;
		};
		FABABC422C1B64DD00654DE6 /* Debug */ = {
			isa = XCBuildConfiguration;
			buildSettings = {
				ASSETCATALOG_COMPILER_APPICON_NAME = AppIcon;
				ASSETCATALOG_COMPILER_GLOBAL_ACCENT_COLOR_NAME = AccentColor;
				CODE_SIGN_STYLE = Automatic;
				CURRENT_PROJECT_VERSION = 1;
				DEBUG_INFORMATION_FORMAT = "dwarf-with-dsym";
				DEVELOPMENT_ASSET_PATHS = "\"Melee-Helper/Preview Content\"";
				DEVELOPMENT_TEAM = 6P3ZM853J8;
				ENABLE_PREVIEWS = YES;
				GENERATE_INFOPLIST_FILE = YES;
				INFOPLIST_FILE = "Melee-Helper/Info.plist";
				INFOPLIST_KEY_CFBundleDisplayName = "SSBM Coach";
				INFOPLIST_KEY_NSCameraUsageDescription = "We need to use your camera to detect a character";
				INFOPLIST_KEY_UIApplicationSceneManifest_Generation = YES;
				INFOPLIST_KEY_UIApplicationSupportsIndirectInputEvents = YES;
				INFOPLIST_KEY_UILaunchScreen_Generation = YES;
				INFOPLIST_KEY_UISupportedInterfaceOrientations = UIInterfaceOrientationPortrait;
				INFOPLIST_KEY_UISupportedInterfaceOrientations_iPad = "UIInterfaceOrientationPortrait UIInterfaceOrientationPortraitUpsideDown";
				LD_RUNPATH_SEARCH_PATHS = (
					"$(inherited)",
					"@executable_path/Frameworks",
				);
				MARKETING_VERSION = 1.0;
				OTHER_LDFLAGS = "-ObjC";
				PRODUCT_BUNDLE_IDENTIFIER = "com.HEJ.Melee-Helper";
				PRODUCT_NAME = "$(TARGET_NAME)";
				SWIFT_EMIT_LOC_STRINGS = YES;
				SWIFT_VERSION = 5.0;
				TARGETED_DEVICE_FAMILY = "1,2";
			};
			name = Debug;
		};
		FABABC432C1B64DD00654DE6 /* Release */ = {
			isa = XCBuildConfiguration;
			buildSettings = {
				ASSETCATALOG_COMPILER_APPICON_NAME = AppIcon;
				ASSETCATALOG_COMPILER_GLOBAL_ACCENT_COLOR_NAME = AccentColor;
				CODE_SIGN_STYLE = Automatic;
				CURRENT_PROJECT_VERSION = 1;
				DEVELOPMENT_ASSET_PATHS = "\"Melee-Helper/Preview Content\"";
				DEVELOPMENT_TEAM = 6P3ZM853J8;
				ENABLE_PREVIEWS = YES;
				GENERATE_INFOPLIST_FILE = YES;
				INFOPLIST_FILE = "Melee-Helper/Info.plist";
				INFOPLIST_KEY_CFBundleDisplayName = "SSBM Coach";
				INFOPLIST_KEY_NSCameraUsageDescription = "We need to use your camera to detect a character";
				INFOPLIST_KEY_UIApplicationSceneManifest_Generation = YES;
				INFOPLIST_KEY_UIApplicationSupportsIndirectInputEvents = YES;
				INFOPLIST_KEY_UILaunchScreen_Generation = YES;
				INFOPLIST_KEY_UISupportedInterfaceOrientations = UIInterfaceOrientationPortrait;
				INFOPLIST_KEY_UISupportedInterfaceOrientations_iPad = "UIInterfaceOrientationPortrait UIInterfaceOrientationPortraitUpsideDown";
				LD_RUNPATH_SEARCH_PATHS = (
					"$(inherited)",
					"@executable_path/Frameworks",
				);
				MARKETING_VERSION = 1.0;
				OTHER_LDFLAGS = "-ObjC";
				PRODUCT_BUNDLE_IDENTIFIER = "com.HEJ.Melee-Helper";
				PRODUCT_NAME = "$(TARGET_NAME)";
				SWIFT_EMIT_LOC_STRINGS = YES;
				SWIFT_VERSION = 5.0;
				TARGETED_DEVICE_FAMILY = "1,2";
			};
			name = Release;
		};
/* End XCBuildConfiguration section */

/* Begin XCConfigurationList section */
		FABABC2E2C1B64DB00654DE6 /* Build configuration list for PBXProject "Melee-Helper" */ = {
			isa = XCConfigurationList;
			buildConfigurations = (
				FABABC3F2C1B64DD00654DE6 /* Debug */,
				FABABC402C1B64DD00654DE6 /* Release */,
			);
			defaultConfigurationIsVisible = 0;
			defaultConfigurationName = Release;
		};
		FABABC412C1B64DD00654DE6 /* Build configuration list for PBXNativeTarget "Melee-Helper" */ = {
			isa = XCConfigurationList;
			buildConfigurations = (
				FABABC422C1B64DD00654DE6 /* Debug */,
				FABABC432C1B64DD00654DE6 /* Release */,
			);
			defaultConfigurationIsVisible = 0;
			defaultConfigurationName = Release;
		};
/* End XCConfigurationList section */

/* Begin XCRemoteSwiftPackageReference section */
		FA2A7B552C22676F008870EC /* XCRemoteSwiftPackageReference "firebase-ios-sdk" */ = {
			isa = XCRemoteSwiftPackageReference;
			repositoryURL = "https://github.com/firebase/firebase-ios-sdk";
			requirement = {
				kind = upToNextMajorVersion;
				minimumVersion = 10.28.0;
			};
		};
		FA2A7B8F2C261A0B008870EC /* XCRemoteSwiftPackageReference "swift-markdown-ui" */ = {
			isa = XCRemoteSwiftPackageReference;
			repositoryURL = "https://github.com/gonzalezreal/swift-markdown-ui";
			requirement = {
				kind = upToNextMajorVersion;
				minimumVersion = 2.3.1;
			};
		};
		FA2A7BA72C2A233C008870EC /* XCRemoteSwiftPackageReference "Kingfisher" */ = {
			isa = XCRemoteSwiftPackageReference;
			repositoryURL = "https://github.com/onevcat/Kingfisher.git";
			requirement = {
				kind = upToNextMajorVersion;
				minimumVersion = 7.12.0;
			};
		};
/* End XCRemoteSwiftPackageReference section */

/* Begin XCSwiftPackageProductDependency section */
		FA2A7B562C22676F008870EC /* FirebaseCrashlytics */ = {
			isa = XCSwiftPackageProductDependency;
			package = FA2A7B552C22676F008870EC /* XCRemoteSwiftPackageReference "firebase-ios-sdk" */;
			productName = FirebaseCrashlytics;
		};
		FA2A7BA82C2A233C008870EC /* Kingfisher */ = {
			isa = XCSwiftPackageProductDependency;
			package = FA2A7BA72C2A233C008870EC /* XCRemoteSwiftPackageReference "Kingfisher" */;
			productName = Kingfisher;
		};
/* End XCSwiftPackageProductDependency section */
	};
	rootObject = FABABC2B2C1B64DB00654DE6 /* Project object */;
}
