// !$*UTF8*$!
{
	archiveVersion = 1;
	classes = {
	};
	objectVersion = 56;
	objects = {

/* Begin PBXBuildFile section */
		FABABC372C1B64DB00654DE6 /* Melee_HelperApp.swift in Sources */ = {isa = PBXBuildFile; fileRef = FABABC362C1B64DB00654DE6 /* Melee_HelperApp.swift */; };
		FABABC392C1B64DB00654DE6 /* MeleeHomeScreenView.swift in Sources */ = {isa = PBXBuildFile; fileRef = FABABC382C1B64DB00654DE6 /* MeleeHomeScreenView.swift */; };
		FABABC3B2C1B64DD00654DE6 /* Assets.xcassets in Resources */ = {isa = PBXBuildFile; fileRef = FABABC3A2C1B64DD00654DE6 /* Assets.xcassets */; };
		FABABC3E2C1B64DD00654DE6 /* Preview Assets.xcassets in Resources */ = {isa = PBXBuildFile; fileRef = FABABC3D2C1B64DD00654DE6 /* Preview Assets.xcassets */; };
		FABABC452C1B65CD00654DE6 /* Character.swift in Sources */ = {isa = PBXBuildFile; fileRef = FABABC442C1B65CD00654DE6 /* Character.swift */; };
		FABABC492C1B6AB800654DE6 /* CharacterData.swift in Sources */ = {isa = PBXBuildFile; fileRef = FABABC482C1B6AB800654DE6 /* CharacterData.swift */; };
		FABABC4B2C1B6EBD00654DE6 /* MeleeCharacterTitleView.swift in Sources */ = {isa = PBXBuildFile; fileRef = FABABC4A2C1B6EBD00654DE6 /* MeleeCharacterTitleView.swift */; };
		FABABC4D2C1B739800654DE6 /* MeleeCharacterDetailView.swift in Sources */ = {isa = PBXBuildFile; fileRef = FABABC4C2C1B739800654DE6 /* MeleeCharacterDetailView.swift */; };
		FABABC512C1B74A600654DE6 /* MainBackgroundView.swift in Sources */ = {isa = PBXBuildFile; fileRef = FABABC502C1B74A600654DE6 /* MainBackgroundView.swift */; };
		FABABC542C1B777500654DE6 /* MeleeHomeScreenViewModel.swift in Sources */ = {isa = PBXBuildFile; fileRef = FABABC532C1B777500654DE6 /* MeleeHomeScreenViewModel.swift */; };
/* End PBXBuildFile section */

/* Begin PBXFileReference section */
		FABABC332C1B64DB00654DE6 /* Melee-Helper.app */ = {isa = PBXFileReference; explicitFileType = wrapper.application; includeInIndex = 0; path = "Melee-Helper.app"; sourceTree = BUILT_PRODUCTS_DIR; };
		FABABC362C1B64DB00654DE6 /* Melee_HelperApp.swift */ = {isa = PBXFileReference; lastKnownFileType = sourcecode.swift; path = Melee_HelperApp.swift; sourceTree = "<group>"; };
		FABABC382C1B64DB00654DE6 /* MeleeHomeScreenView.swift */ = {isa = PBXFileReference; lastKnownFileType = sourcecode.swift; path = MeleeHomeScreenView.swift; sourceTree = "<group>"; };
		FABABC3A2C1B64DD00654DE6 /* Assets.xcassets */ = {isa = PBXFileReference; lastKnownFileType = folder.assetcatalog; path = Assets.xcassets; sourceTree = "<group>"; };
		FABABC3D2C1B64DD00654DE6 /* Preview Assets.xcassets */ = {isa = PBXFileReference; lastKnownFileType = folder.assetcatalog; path = "Preview Assets.xcassets"; sourceTree = "<group>"; };
		FABABC442C1B65CD00654DE6 /* Character.swift */ = {isa = PBXFileReference; lastKnownFileType = sourcecode.swift; path = Character.swift; sourceTree = "<group>"; };
		FABABC482C1B6AB800654DE6 /* CharacterData.swift */ = {isa = PBXFileReference; lastKnownFileType = sourcecode.swift; path = CharacterData.swift; sourceTree = "<group>"; };
		FABABC4A2C1B6EBD00654DE6 /* MeleeCharacterTitleView.swift */ = {isa = PBXFileReference; lastKnownFileType = sourcecode.swift; path = MeleeCharacterTitleView.swift; sourceTree = "<group>"; };
		FABABC4C2C1B739800654DE6 /* MeleeCharacterDetailView.swift */ = {isa = PBXFileReference; lastKnownFileType = sourcecode.swift; path = MeleeCharacterDetailView.swift; sourceTree = "<group>"; };
		FABABC502C1B74A600654DE6 /* MainBackgroundView.swift */ = {isa = PBXFileReference; lastKnownFileType = sourcecode.swift; path = MainBackgroundView.swift; sourceTree = "<group>"; };
		FABABC532C1B777500654DE6 /* MeleeHomeScreenViewModel.swift */ = {isa = PBXFileReference; lastKnownFileType = sourcecode.swift; path = MeleeHomeScreenViewModel.swift; sourceTree = "<group>"; };
/* End PBXFileReference section */

/* Begin PBXFrameworksBuildPhase section */
		FABABC302C1B64DB00654DE6 /* Frameworks */ = {
			isa = PBXFrameworksBuildPhase;
			buildActionMask = 2147483647;
			files = (
			);
			runOnlyForDeploymentPostprocessing = 0;
		};
/* End PBXFrameworksBuildPhase section */

/* Begin PBXGroup section */
		FABABC2A2C1B64DB00654DE6 = {
			isa = PBXGroup;
			children = (
				FABABC352C1B64DB00654DE6 /* Melee-Helper */,
				FABABC342C1B64DB00654DE6 /* Products */,
			);
			sourceTree = "<group>";
		};
		FABABC342C1B64DB00654DE6 /* Products */ = {
			isa = PBXGroup;
			children = (
				FABABC332C1B64DB00654DE6 /* Melee-Helper.app */,
			);
			name = Products;
			sourceTree = "<group>";
		};
		FABABC352C1B64DB00654DE6 /* Melee-Helper */ = {
			isa = PBXGroup;
			children = (
				FABABC522C1B76B800654DE6 /* ViewModels */,
				FABABC362C1B64DB00654DE6 /* Melee_HelperApp.swift */,
				FABABC4E2C1B748600654DE6 /* Views */,
				FABABC472C1B6AB200654DE6 /* Data */,
				FABABC462C1B68D800654DE6 /* Models */,
				FABABC3A2C1B64DD00654DE6 /* Assets.xcassets */,
				FABABC3C2C1B64DD00654DE6 /* Preview Content */,
			);
			path = "Melee-Helper";
			sourceTree = "<group>";
		};
		FABABC3C2C1B64DD00654DE6 /* Preview Content */ = {
			isa = PBXGroup;
			children = (
				FABABC3D2C1B64DD00654DE6 /* Preview Assets.xcassets */,
			);
			path = "Preview Content";
			sourceTree = "<group>";
		};
		FABABC462C1B68D800654DE6 /* Models */ = {
			isa = PBXGroup;
			children = (
				FABABC442C1B65CD00654DE6 /* Character.swift */,
			);
			path = Models;
			sourceTree = "<group>";
		};
		FABABC472C1B6AB200654DE6 /* Data */ = {
			isa = PBXGroup;
			children = (
				FABABC482C1B6AB800654DE6 /* CharacterData.swift */,
			);
			path = Data;
			sourceTree = "<group>";
		};
		FABABC4E2C1B748600654DE6 /* Views */ = {
			isa = PBXGroup;
			children = (
				FABABC382C1B64DB00654DE6 /* MeleeHomeScreenView.swift */,
				FABABC4C2C1B739800654DE6 /* MeleeCharacterDetailView.swift */,
				FABABC4A2C1B6EBD00654DE6 /* MeleeCharacterTitleView.swift */,
				FABABC4F2C1B748B00654DE6 /* Helpers */,
			);
			path = Views;
			sourceTree = "<group>";
		};
		FABABC4F2C1B748B00654DE6 /* Helpers */ = {
			isa = PBXGroup;
			children = (
				FABABC502C1B74A600654DE6 /* MainBackgroundView.swift */,
			);
			path = Helpers;
			sourceTree = "<group>";
		};
		FABABC522C1B76B800654DE6 /* ViewModels */ = {
			isa = PBXGroup;
			children = (
				FABABC532C1B777500654DE6 /* MeleeHomeScreenViewModel.swift */,
			);
			path = ViewModels;
			sourceTree = "<group>";
		};
/* End PBXGroup section */

/* Begin PBXNativeTarget section */
		FABABC322C1B64DB00654DE6 /* Melee-Helper */ = {
			isa = PBXNativeTarget;
			buildConfigurationList = FABABC412C1B64DD00654DE6 /* Build configuration list for PBXNativeTarget "Melee-Helper" */;
			buildPhases = (
				FABABC2F2C1B64DB00654DE6 /* Sources */,
				FABABC302C1B64DB00654DE6 /* Frameworks */,
				FABABC312C1B64DB00654DE6 /* Resources */,
			);
			buildRules = (
			);
			dependencies = (
			);
			name = "Melee-Helper";
			productName = "Melee-Helper";
			productReference = FABABC332C1B64DB00654DE6 /* Melee-Helper.app */;
			productType = "com.apple.product-type.application";
		};
/* End PBXNativeTarget section */

/* Begin PBXProject section */
		FABABC2B2C1B64DB00654DE6 /* Project object */ = {
			isa = PBXProject;
			attributes = {
				BuildIndependentTargetsInParallel = 1;
				LastSwiftUpdateCheck = 1530;
				LastUpgradeCheck = 1530;
				TargetAttributes = {
					FABABC322C1B64DB00654DE6 = {
						CreatedOnToolsVersion = 15.3;
					};
				};
			};
			buildConfigurationList = FABABC2E2C1B64DB00654DE6 /* Build configuration list for PBXProject "Melee-Helper" */;
			compatibilityVersion = "Xcode 14.0";
			developmentRegion = en;
			hasScannedForEncodings = 0;
			knownRegions = (
				en,
				Base,
			);
			mainGroup = FABABC2A2C1B64DB00654DE6;
			productRefGroup = FABABC342C1B64DB00654DE6 /* Products */;
			projectDirPath = "";
			projectRoot = "";
			targets = (
				FABABC322C1B64DB00654DE6 /* Melee-Helper */,
			);
		};
/* End PBXProject section */

/* Begin PBXResourcesBuildPhase section */
		FABABC312C1B64DB00654DE6 /* Resources */ = {
			isa = PBXResourcesBuildPhase;
			buildActionMask = 2147483647;
			files = (
				FABABC3E2C1B64DD00654DE6 /* Preview Assets.xcassets in Resources */,
				FABABC3B2C1B64DD00654DE6 /* Assets.xcassets in Resources */,
			);
			runOnlyForDeploymentPostprocessing = 0;
		};
/* End PBXResourcesBuildPhase section */

/* Begin PBXSourcesBuildPhase section */
		FABABC2F2C1B64DB00654DE6 /* Sources */ = {
			isa = PBXSourcesBuildPhase;
			buildActionMask = 2147483647;
			files = (
				FABABC392C1B64DB00654DE6 /* MeleeHomeScreenView.swift in Sources */,
				FABABC492C1B6AB800654DE6 /* CharacterData.swift in Sources */,
				FABABC452C1B65CD00654DE6 /* Character.swift in Sources */,
				FABABC4B2C1B6EBD00654DE6 /* MeleeCharacterTitleView.swift in Sources */,
				FABABC4D2C1B739800654DE6 /* MeleeCharacterDetailView.swift in Sources */,
				FABABC372C1B64DB00654DE6 /* Melee_HelperApp.swift in Sources */,
				FABABC542C1B777500654DE6 /* MeleeHomeScreenViewModel.swift in Sources */,
				FABABC512C1B74A600654DE6 /* MainBackgroundView.swift in Sources */,
			);
			runOnlyForDeploymentPostprocessing = 0;
		};
/* End PBXSourcesBuildPhase section */

/* Begin XCBuildConfiguration section */
		FABABC3F2C1B64DD00654DE6 /* Debug */ = {
			isa = XCBuildConfiguration;
			buildSettings = {
				ALWAYS_SEARCH_USER_PATHS = NO;
				ASSETCATALOG_COMPILER_GENERATE_SWIFT_ASSET_SYMBOL_EXTENSIONS = YES;
				CLANG_ANALYZER_NONNULL = YES;
				CLANG_ANALYZER_NUMBER_OBJECT_CONVERSION = YES_AGGRESSIVE;
				CLANG_CXX_LANGUAGE_STANDARD = "gnu++20";
				CLANG_ENABLE_MODULES = YES;
				CLANG_ENABLE_OBJC_ARC = YES;
				CLANG_ENABLE_OBJC_WEAK = YES;
				CLANG_WARN_BLOCK_CAPTURE_AUTORELEASING = YES;
				CLANG_WARN_BOOL_CONVERSION = YES;
				CLANG_WARN_COMMA = YES;
				CLANG_WARN_CONSTANT_CONVERSION = YES;
				CLANG_WARN_DEPRECATED_OBJC_IMPLEMENTATIONS = YES;
				CLANG_WARN_DIRECT_OBJC_ISA_USAGE = YES_ERROR;
				CLANG_WARN_DOCUMENTATION_COMMENTS = YES;
				CLANG_WARN_EMPTY_BODY = YES;
				CLANG_WARN_ENUM_CONVERSION = YES;
				CLANG_WARN_INFINITE_RECURSION = YES;
				CLANG_WARN_INT_CONVERSION = YES;
				CLANG_WARN_NON_LITERAL_NULL_CONVERSION = YES;
				CLANG_WARN_OBJC_IMPLICIT_RETAIN_SELF = YES;
				CLANG_WARN_OBJC_LITERAL_CONVERSION = YES;
				CLANG_WARN_OBJC_ROOT_CLASS = YES_ERROR;
				CLANG_WARN_QUOTED_INCLUDE_IN_FRAMEWORK_HEADER = YES;
				CLANG_WARN_RANGE_LOOP_ANALYSIS = YES;
				CLANG_WARN_STRICT_PROTOTYPES = YES;
				CLANG_WARN_SUSPICIOUS_MOVE = YES;
				CLANG_WARN_UNGUARDED_AVAILABILITY = YES_AGGRESSIVE;
				CLANG_WARN_UNREACHABLE_CODE = YES;
				CLANG_WARN__DUPLICATE_METHOD_MATCH = YES;
				COPY_PHASE_STRIP = NO;
				DEBUG_INFORMATION_FORMAT = dwarf;
				ENABLE_STRICT_OBJC_MSGSEND = YES;
				ENABLE_TESTABILITY = YES;
				ENABLE_USER_SCRIPT_SANDBOXING = YES;
				GCC_C_LANGUAGE_STANDARD = gnu17;
				GCC_DYNAMIC_NO_PIC = NO;
				GCC_NO_COMMON_BLOCKS = YES;
				GCC_OPTIMIZATION_LEVEL = 0;
				GCC_PREPROCESSOR_DEFINITIONS = (
					"DEBUG=1",
					"$(inherited)",
				);
				GCC_WARN_64_TO_32_BIT_CONVERSION = YES;
				GCC_WARN_ABOUT_RETURN_TYPE = YES_ERROR;
				GCC_WARN_UNDECLARED_SELECTOR = YES;
				GCC_WARN_UNINITIALIZED_AUTOS = YES_AGGRESSIVE;
				GCC_WARN_UNUSED_FUNCTION = YES;
				GCC_WARN_UNUSED_VARIABLE = YES;
				IPHONEOS_DEPLOYMENT_TARGET = 17.4;
				LOCALIZATION_PREFERS_STRING_CATALOGS = YES;
				MTL_ENABLE_DEBUG_INFO = INCLUDE_SOURCE;
				MTL_FAST_MATH = YES;
				ONLY_ACTIVE_ARCH = YES;
				SDKROOT = iphoneos;
				SWIFT_ACTIVE_COMPILATION_CONDITIONS = "DEBUG $(inherited)";
				SWIFT_OPTIMIZATION_LEVEL = "-Onone";
			};
			name = Debug;
		};
		FABABC402C1B64DD00654DE6 /* Release */ = {
			isa = XCBuildConfiguration;
			buildSettings = {
				ALWAYS_SEARCH_USER_PATHS = NO;
				ASSETCATALOG_COMPILER_GENERATE_SWIFT_ASSET_SYMBOL_EXTENSIONS = YES;
				CLANG_ANALYZER_NONNULL = YES;
				CLANG_ANALYZER_NUMBER_OBJECT_CONVERSION = YES_AGGRESSIVE;
				CLANG_CXX_LANGUAGE_STANDARD = "gnu++20";
				CLANG_ENABLE_MODULES = YES;
				CLANG_ENABLE_OBJC_ARC = YES;
				CLANG_ENABLE_OBJC_WEAK = YES;
				CLANG_WARN_BLOCK_CAPTURE_AUTORELEASING = YES;
				CLANG_WARN_BOOL_CONVERSION = YES;
				CLANG_WARN_COMMA = YES;
				CLANG_WARN_CONSTANT_CONVERSION = YES;
				CLANG_WARN_DEPRECATED_OBJC_IMPLEMENTATIONS = YES;
				CLANG_WARN_DIRECT_OBJC_ISA_USAGE = YES_ERROR;
				CLANG_WARN_DOCUMENTATION_COMMENTS = YES;
				CLANG_WARN_EMPTY_BODY = YES;
				CLANG_WARN_ENUM_CONVERSION = YES;
				CLANG_WARN_INFINITE_RECURSION = YES;
				CLANG_WARN_INT_CONVERSION = YES;
				CLANG_WARN_NON_LITERAL_NULL_CONVERSION = YES;
				CLANG_WARN_OBJC_IMPLICIT_RETAIN_SELF = YES;
				CLANG_WARN_OBJC_LITERAL_CONVERSION = YES;
				CLANG_WARN_OBJC_ROOT_CLASS = YES_ERROR;
				CLANG_WARN_QUOTED_INCLUDE_IN_FRAMEWORK_HEADER = YES;
				CLANG_WARN_RANGE_LOOP_ANALYSIS = YES;
				CLANG_WARN_STRICT_PROTOTYPES = YES;
				CLANG_WARN_SUSPICIOUS_MOVE = YES;
				CLANG_WARN_UNGUARDED_AVAILABILITY = YES_AGGRESSIVE;
				CLANG_WARN_UNREACHABLE_CODE = YES;
				CLANG_WARN__DUPLICATE_METHOD_MATCH = YES;
				COPY_PHASE_STRIP = NO;
				DEBUG_INFORMATION_FORMAT = "dwarf-with-dsym";
				ENABLE_NS_ASSERTIONS = NO;
				ENABLE_STRICT_OBJC_MSGSEND = YES;
				ENABLE_USER_SCRIPT_SANDBOXING = YES;
				GCC_C_LANGUAGE_STANDARD = gnu17;
				GCC_NO_COMMON_BLOCKS = YES;
				GCC_WARN_64_TO_32_BIT_CONVERSION = YES;
				GCC_WARN_ABOUT_RETURN_TYPE = YES_ERROR;
				GCC_WARN_UNDECLARED_SELECTOR = YES;
				GCC_WARN_UNINITIALIZED_AUTOS = YES_AGGRESSIVE;
				GCC_WARN_UNUSED_FUNCTION = YES;
				GCC_WARN_UNUSED_VARIABLE = YES;
				IPHONEOS_DEPLOYMENT_TARGET = 17.4;
				LOCALIZATION_PREFERS_STRING_CATALOGS = YES;
				MTL_ENABLE_DEBUG_INFO = NO;
				MTL_FAST_MATH = YES;
				SDKROOT = iphoneos;
				SWIFT_COMPILATION_MODE = wholemodule;
				VALIDATE_PRODUCT = YES;
			};
			name = Release;
		};
		FABABC422C1B64DD00654DE6 /* Debug */ = {
			isa = XCBuildConfiguration;
			buildSettings = {
				ASSETCATALOG_COMPILER_APPICON_NAME = AppIcon;
				ASSETCATALOG_COMPILER_GLOBAL_ACCENT_COLOR_NAME = AccentColor;
				CODE_SIGN_STYLE = Automatic;
				CURRENT_PROJECT_VERSION = 1;
				DEVELOPMENT_ASSET_PATHS = "\"Melee-Helper/Preview Content\"";
				DEVELOPMENT_TEAM = 6P3ZM853J8;
				ENABLE_PREVIEWS = YES;
				GENERATE_INFOPLIST_FILE = YES;
				INFOPLIST_KEY_UIApplicationSceneManifest_Generation = YES;
				INFOPLIST_KEY_UIApplicationSupportsIndirectInputEvents = YES;
				INFOPLIST_KEY_UILaunchScreen_Generation = YES;
				INFOPLIST_KEY_UISupportedInterfaceOrientations_iPad = "UIInterfaceOrientationPortrait UIInterfaceOrientationPortraitUpsideDown UIInterfaceOrientationLandscapeLeft UIInterfaceOrientationLandscapeRight";
				INFOPLIST_KEY_UISupportedInterfaceOrientations_iPhone = "UIInterfaceOrientationPortrait UIInterfaceOrientationLandscapeLeft UIInterfaceOrientationLandscapeRight";
				LD_RUNPATH_SEARCH_PATHS = (
					"$(inherited)",
					"@executable_path/Frameworks",
				);
				MARKETING_VERSION = 1.0;
				PRODUCT_BUNDLE_IDENTIFIER = "com.HEJ.Melee-Helper";
				PRODUCT_NAME = "$(TARGET_NAME)";
				SWIFT_EMIT_LOC_STRINGS = YES;
				SWIFT_VERSION = 5.0;
				TARGETED_DEVICE_FAMILY = "1,2";
			};
			name = Debug;
		};
		FABABC432C1B64DD00654DE6 /* Release */ = {
			isa = XCBuildConfiguration;
			buildSettings = {
				ASSETCATALOG_COMPILER_APPICON_NAME = AppIcon;
				ASSETCATALOG_COMPILER_GLOBAL_ACCENT_COLOR_NAME = AccentColor;
				CODE_SIGN_STYLE = Automatic;
				CURRENT_PROJECT_VERSION = 1;
				DEVELOPMENT_ASSET_PATHS = "\"Melee-Helper/Preview Content\"";
				DEVELOPMENT_TEAM = 6P3ZM853J8;
				ENABLE_PREVIEWS = YES;
				GENERATE_INFOPLIST_FILE = YES;
				INFOPLIST_KEY_UIApplicationSceneManifest_Generation = YES;
				INFOPLIST_KEY_UIApplicationSupportsIndirectInputEvents = YES;
				INFOPLIST_KEY_UILaunchScreen_Generation = YES;
				INFOPLIST_KEY_UISupportedInterfaceOrientations_iPad = "UIInterfaceOrientationPortrait UIInterfaceOrientationPortraitUpsideDown UIInterfaceOrientationLandscapeLeft UIInterfaceOrientationLandscapeRight";
				INFOPLIST_KEY_UISupportedInterfaceOrientations_iPhone = "UIInterfaceOrientationPortrait UIInterfaceOrientationLandscapeLeft UIInterfaceOrientationLandscapeRight";
				LD_RUNPATH_SEARCH_PATHS = (
					"$(inherited)",
					"@executable_path/Frameworks",
				);
				MARKETING_VERSION = 1.0;
				PRODUCT_BUNDLE_IDENTIFIER = "com.HEJ.Melee-Helper";
				PRODUCT_NAME = "$(TARGET_NAME)";
				SWIFT_EMIT_LOC_STRINGS = YES;
				SWIFT_VERSION = 5.0;
				TARGETED_DEVICE_FAMILY = "1,2";
			};
			name = Release;
		};
/* End XCBuildConfiguration section */

/* Begin XCConfigurationList section */
		FABABC2E2C1B64DB00654DE6 /* Build configuration list for PBXProject "Melee-Helper" */ = {
			isa = XCConfigurationList;
			buildConfigurations = (
				FABABC3F2C1B64DD00654DE6 /* Debug */,
				FABABC402C1B64DD00654DE6 /* Release */,
			);
			defaultConfigurationIsVisible = 0;
			defaultConfigurationName = Release;
		};
		FABABC412C1B64DD00654DE6 /* Build configuration list for PBXNativeTarget "Melee-Helper" */ = {
			isa = XCConfigurationList;
			buildConfigurations = (
				FABABC422C1B64DD00654DE6 /* Debug */,
				FABABC432C1B64DD00654DE6 /* Release */,
			);
			defaultConfigurationIsVisible = 0;
			defaultConfigurationName = Release;
		};
/* End XCConfigurationList section */
	};
	rootObject = FABABC2B2C1B64DB00654DE6 /* Project object */;
}
